// !$*UTF8*$!
{
	archiveVersion = 1;
	classes = {
	};
	objectVersion = 46;
	objects = {

/* Begin PBXBuildFile section */
		885261FB1BA8D062005B091B /* minimize@2x.png in Resources */ = {isa = PBXBuildFile; fileRef = 885261F91BA8D062005B091B /* minimize@2x.png */; };
		885261FC1BA8D062005B091B /* maximize@2x.png in Resources */ = {isa = PBXBuildFile; fileRef = 885261FA1BA8D062005B091B /* maximize@2x.png */; };
		8853EF7A1BA726AA00966474 /* AnimatedRadar.swift in Sources */ = {isa = PBXBuildFile; fileRef = 8853EF791BA726AA00966474 /* AnimatedRadar.swift */; };
		8853EF7C1BA7AC8E00966474 /* RadarTileOverlay.swift in Sources */ = {isa = PBXBuildFile; fileRef = 8853EF7B1BA7AC8E00966474 /* RadarTileOverlay.swift */; };
		887688F71B55C538000F6275 /* AppDelegate.swift in Sources */ = {isa = PBXBuildFile; fileRef = 887688F61B55C538000F6275 /* AppDelegate.swift */; };
		887688F91B55C538000F6275 /* ViewController.swift in Sources */ = {isa = PBXBuildFile; fileRef = 887688F81B55C538000F6275 /* ViewController.swift */; };
		887688FC1B55C538000F6275 /* Main.storyboard in Resources */ = {isa = PBXBuildFile; fileRef = 887688FA1B55C538000F6275 /* Main.storyboard */; };
		887688FE1B55C538000F6275 /* Images.xcassets in Resources */ = {isa = PBXBuildFile; fileRef = 887688FD1B55C538000F6275 /* Images.xcassets */; };
		887689011B55C539000F6275 /* LaunchScreen.xib in Resources */ = {isa = PBXBuildFile; fileRef = 887688FF1B55C539000F6275 /* LaunchScreen.xib */; };
		8876890D1B55C539000F6275 /* WeatherFeelTests.swift in Sources */ = {isa = PBXBuildFile; fileRef = 8876890C1B55C539000F6275 /* WeatherFeelTests.swift */; };
		887689171B55C6FA000F6275 /* PlayfairDisplay-Italic.ttf in Resources */ = {isa = PBXBuildFile; fileRef = 887689161B55C6FA000F6275 /* PlayfairDisplay-Italic.ttf */; };
		8876891A1B55C841000F6275 /* CircularStd-Book.otf in Resources */ = {isa = PBXBuildFile; fileRef = 887689181B55C841000F6275 /* CircularStd-Book.otf */; };
		8876891B1B55C841000F6275 /* CircularStd-Medium.otf in Resources */ = {isa = PBXBuildFile; fileRef = 887689191B55C841000F6275 /* CircularStd-Medium.otf */; };
		8876891F1B55CA5B000F6275 /* CircularStd-Bold.otf in Resources */ = {isa = PBXBuildFile; fileRef = 8876891E1B55CA5B000F6275 /* CircularStd-Bold.otf */; };
		887689211B55D2B9000F6275 /* ApiKeys.plist in Resources */ = {isa = PBXBuildFile; fileRef = 887689201B55D2B9000F6275 /* ApiKeys.plist */; };
		887689231B55D2F0000F6275 /* ApiKeys.swift in Sources */ = {isa = PBXBuildFile; fileRef = 887689221B55D2EF000F6275 /* ApiKeys.swift */; };
		887689251B56C031000F6275 /* UIColorExtensions.swift in Sources */ = {isa = PBXBuildFile; fileRef = 887689241B56C031000F6275 /* UIColorExtensions.swift */; };
		887689271B56F3F5000F6275 /* StringExtensions.swift in Sources */ = {isa = PBXBuildFile; fileRef = 887689261B56F3F5000F6275 /* StringExtensions.swift */; };
		888D46781BA1DAA200DD50B5 /* RadarOverlay.swift in Sources */ = {isa = PBXBuildFile; fileRef = 888D46771BA1DAA200DD50B5 /* RadarOverlay.swift */; };
		888D467A1BA1DDE000DD50B5 /* RadarOverlayView.swift in Sources */ = {isa = PBXBuildFile; fileRef = 888D46791BA1DDE000DD50B5 /* RadarOverlayView.swift */; };
		88971F051BB10DF70091711D /* sunrise@2x.png in Resources */ = {isa = PBXBuildFile; fileRef = 88971F011BB10DF70091711D /* sunrise@2x.png */; settings = {ASSET_TAGS = (); }; };
		88971F061BB10DF70091711D /* sunrise@3x.png in Resources */ = {isa = PBXBuildFile; fileRef = 88971F021BB10DF70091711D /* sunrise@3x.png */; settings = {ASSET_TAGS = (); }; };
		88971F071BB10DF70091711D /* sunset@2x.png in Resources */ = {isa = PBXBuildFile; fileRef = 88971F031BB10DF70091711D /* sunset@2x.png */; settings = {ASSET_TAGS = (); }; };
		88971F081BB10DF70091711D /* sunset@3x.png in Resources */ = {isa = PBXBuildFile; fileRef = 88971F041BB10DF70091711D /* sunset@3x.png */; settings = {ASSET_TAGS = (); }; };
		88971F0A1BB23C9A0091711D /* mapshadow@2x.png in Resources */ = {isa = PBXBuildFile; fileRef = 88971F091BB23C9A0091711D /* mapshadow@2x.png */; settings = {ASSET_TAGS = (); }; };
		88971F1F1BB23D4A0091711D /* cloudy@2x.png in Resources */ = {isa = PBXBuildFile; fileRef = 88971F0B1BB23D4A0091711D /* cloudy@2x.png */; settings = {ASSET_TAGS = (); }; };
		88971F201BB23D4A0091711D /* cloudy@3x.png in Resources */ = {isa = PBXBuildFile; fileRef = 88971F0C1BB23D4A0091711D /* cloudy@3x.png */; settings = {ASSET_TAGS = (); }; };
		88971F211BB23D4A0091711D /* fog@2x.png in Resources */ = {isa = PBXBuildFile; fileRef = 88971F0D1BB23D4A0091711D /* fog@2x.png */; settings = {ASSET_TAGS = (); }; };
		88971F221BB23D4A0091711D /* fog@3x.png in Resources */ = {isa = PBXBuildFile; fileRef = 88971F0E1BB23D4A0091711D /* fog@3x.png */; settings = {ASSET_TAGS = (); }; };
		88971F231BB23D4A0091711D /* partly-cloudy-night@2x.png in Resources */ = {isa = PBXBuildFile; fileRef = 88971F0F1BB23D4A0091711D /* partly-cloudy-night@2x.png */; settings = {ASSET_TAGS = (); }; };
		88971F241BB23D4A0091711D /* partly-cloudy-night@3x.png in Resources */ = {isa = PBXBuildFile; fileRef = 88971F101BB23D4A0091711D /* partly-cloudy-night@3x.png */; settings = {ASSET_TAGS = (); }; };
		88971F251BB23D4A0091711D /* clear-day@2x.png in Resources */ = {isa = PBXBuildFile; fileRef = 88971F111BB23D4A0091711D /* clear-day@2x.png */; settings = {ASSET_TAGS = (); }; };
		88971F261BB23D4A0091711D /* clear-day@3x.png in Resources */ = {isa = PBXBuildFile; fileRef = 88971F121BB23D4A0091711D /* clear-day@3x.png */; settings = {ASSET_TAGS = (); }; };
		88971F271BB23D4A0091711D /* clear-night@2x.png in Resources */ = {isa = PBXBuildFile; fileRef = 88971F131BB23D4A0091711D /* clear-night@2x.png */; settings = {ASSET_TAGS = (); }; };
		88971F281BB23D4A0091711D /* clear-night@3x.png in Resources */ = {isa = PBXBuildFile; fileRef = 88971F141BB23D4A0091711D /* clear-night@3x.png */; settings = {ASSET_TAGS = (); }; };
		88971F291BB23D4A0091711D /* partly-cloudy-day@2x.png in Resources */ = {isa = PBXBuildFile; fileRef = 88971F151BB23D4A0091711D /* partly-cloudy-day@2x.png */; settings = {ASSET_TAGS = (); }; };
		88971F2A1BB23D4A0091711D /* partly-cloudy-day@3x.png in Resources */ = {isa = PBXBuildFile; fileRef = 88971F161BB23D4A0091711D /* partly-cloudy-day@3x.png */; settings = {ASSET_TAGS = (); }; };
		88971F2B1BB23D4A0091711D /* rain@2x.png in Resources */ = {isa = PBXBuildFile; fileRef = 88971F171BB23D4A0091711D /* rain@2x.png */; settings = {ASSET_TAGS = (); }; };
		88971F2C1BB23D4A0091711D /* rain@3x.png in Resources */ = {isa = PBXBuildFile; fileRef = 88971F181BB23D4A0091711D /* rain@3x.png */; settings = {ASSET_TAGS = (); }; };
		88971F2D1BB23D4A0091711D /* sleet@2x.png in Resources */ = {isa = PBXBuildFile; fileRef = 88971F191BB23D4A0091711D /* sleet@2x.png */; settings = {ASSET_TAGS = (); }; };
		88971F2E1BB23D4A0091711D /* sleet@3x.png in Resources */ = {isa = PBXBuildFile; fileRef = 88971F1A1BB23D4A0091711D /* sleet@3x.png */; settings = {ASSET_TAGS = (); }; };
		88971F2F1BB23D4A0091711D /* snow@2x.png in Resources */ = {isa = PBXBuildFile; fileRef = 88971F1B1BB23D4A0091711D /* snow@2x.png */; settings = {ASSET_TAGS = (); }; };
		88971F301BB23D4A0091711D /* snow@3x.png in Resources */ = {isa = PBXBuildFile; fileRef = 88971F1C1BB23D4A0091711D /* snow@3x.png */; settings = {ASSET_TAGS = (); }; };
		88971F311BB23D4A0091711D /* wind@2x.png in Resources */ = {isa = PBXBuildFile; fileRef = 88971F1D1BB23D4A0091711D /* wind@2x.png */; settings = {ASSET_TAGS = (); }; };
		88971F321BB23D4A0091711D /* wind@3x.png in Resources */ = {isa = PBXBuildFile; fileRef = 88971F1E1BB23D4A0091711D /* wind@3x.png */; settings = {ASSET_TAGS = (); }; };
		88971F341BB23FB30091711D /* mapshadow@3x.png in Resources */ = {isa = PBXBuildFile; fileRef = 88971F331BB23FB30091711D /* mapshadow@3x.png */; settings = {ASSET_TAGS = (); }; };
		88971F371BB5D6EF0091711D /* weathersbee-title@2x.png in Resources */ = {isa = PBXBuildFile; fileRef = 88971F351BB5D6EF0091711D /* weathersbee-title@2x.png */; settings = {ASSET_TAGS = (); }; };
		88971F381BB5D6EF0091711D /* weathersbee-title@3x.png in Resources */ = {isa = PBXBuildFile; fileRef = 88971F361BB5D6EF0091711D /* weathersbee-title@3x.png */; settings = {ASSET_TAGS = (); }; };
		88971F3F1BB5F6210091711D /* shadow@3x.png in Resources */ = {isa = PBXBuildFile; fileRef = 88971F3D1BB5F6210091711D /* shadow@3x.png */; settings = {ASSET_TAGS = (); }; };
		88971F401BB5F6210091711D /* shadow@2x.png in Resources */ = {isa = PBXBuildFile; fileRef = 88971F3E1BB5F6210091711D /* shadow@2x.png */; settings = {ASSET_TAGS = (); }; };
		88971F451BB720C30091711D /* launch@2x.png in Resources */ = {isa = PBXBuildFile; fileRef = 88971F411BB720C20091711D /* launch@2x.png */; settings = {ASSET_TAGS = (); }; };
		88971F461BB720C30091711D /* launch@3x.png in Resources */ = {isa = PBXBuildFile; fileRef = 88971F421BB720C30091711D /* launch@3x.png */; settings = {ASSET_TAGS = (); }; };
		88971F471BB720C30091711D /* wink@2x.png in Resources */ = {isa = PBXBuildFile; fileRef = 88971F431BB720C30091711D /* wink@2x.png */; settings = {ASSET_TAGS = (); }; };
		88971F481BB720C30091711D /* wink@3x.png in Resources */ = {isa = PBXBuildFile; fileRef = 88971F441BB720C30091711D /* wink@3x.png */; settings = {ASSET_TAGS = (); }; };
		88D28F941BB8EB1200485881 /* minimize@3x.png in Resources */ = {isa = PBXBuildFile; fileRef = 88D28F921BB8EB1200485881 /* minimize@3x.png */; settings = {ASSET_TAGS = (); }; };
		88D28F951BB8EB1200485881 /* maximize@3x.png in Resources */ = {isa = PBXBuildFile; fileRef = 88D28F931BB8EB1200485881 /* maximize@3x.png */; settings = {ASSET_TAGS = (); }; };
		88DAEBDF1B86922200693D19 /* humidity-icon-default@2x.png in Resources */ = {isa = PBXBuildFile; fileRef = 88DAEBD91B86922200693D19 /* humidity-icon-default@2x.png */; };
		88DAEBE01B86922200693D19 /* humidity-icon-default@3x.png in Resources */ = {isa = PBXBuildFile; fileRef = 88DAEBDA1B86922200693D19 /* humidity-icon-default@3x.png */; };
		88DAEBE11B86922200693D19 /* uv-icon-default@2x.png in Resources */ = {isa = PBXBuildFile; fileRef = 88DAEBDB1B86922200693D19 /* uv-icon-default@2x.png */; };
		88DAEBE21B86922200693D19 /* uv-icon-default@3x.png in Resources */ = {isa = PBXBuildFile; fileRef = 88DAEBDC1B86922200693D19 /* uv-icon-default@3x.png */; };
		88DAEBE31B86922200693D19 /* wind-icon-default@2x.png in Resources */ = {isa = PBXBuildFile; fileRef = 88DAEBDD1B86922200693D19 /* wind-icon-default@2x.png */; };
		88DAEBE41B86922200693D19 /* wind-icon-default@3x.png in Resources */ = {isa = PBXBuildFile; fileRef = 88DAEBDE1B86922200693D19 /* wind-icon-default@3x.png */; };
		88DAEBEA1B87B7F700693D19 /* DateExtensions.swift in Sources */ = {isa = PBXBuildFile; fileRef = 88DAEBE91B87B7F700693D19 /* DateExtensions.swift */; };
		88F951EC1B68399E0046D71C /* UILabelNonClipping.swift in Sources */ = {isa = PBXBuildFile; fileRef = 88F951EB1B68399D0046D71C /* UILabelNonClipping.swift */; };
/* End PBXBuildFile section */

/* Begin PBXContainerItemProxy section */
		887689071B55C539000F6275 /* PBXContainerItemProxy */ = {
			isa = PBXContainerItemProxy;
			containerPortal = 887688E91B55C538000F6275 /* Project object */;
			proxyType = 1;
			remoteGlobalIDString = 887688F01B55C538000F6275;
			remoteInfo = WeatherFeel;
		};
/* End PBXContainerItemProxy section */

/* Begin PBXFileReference section */
		885261F91BA8D062005B091B /* minimize@2x.png */ = {isa = PBXFileReference; lastKnownFileType = image.png; path = "minimize@2x.png"; sourceTree = "<group>"; };
		885261FA1BA8D062005B091B /* maximize@2x.png */ = {isa = PBXFileReference; lastKnownFileType = image.png; path = "maximize@2x.png"; sourceTree = "<group>"; };
		8853EF791BA726AA00966474 /* AnimatedRadar.swift */ = {isa = PBXFileReference; fileEncoding = 4; lastKnownFileType = sourcecode.swift; path = AnimatedRadar.swift; sourceTree = "<group>"; };
		8853EF7B1BA7AC8E00966474 /* RadarTileOverlay.swift */ = {isa = PBXFileReference; fileEncoding = 4; lastKnownFileType = sourcecode.swift; path = RadarTileOverlay.swift; sourceTree = "<group>"; };
		887688F11B55C538000F6275 /* WeatherFeel.app */ = {isa = PBXFileReference; explicitFileType = wrapper.application; includeInIndex = 0; path = WeatherFeel.app; sourceTree = BUILT_PRODUCTS_DIR; };
		887688F51B55C538000F6275 /* Info.plist */ = {isa = PBXFileReference; lastKnownFileType = text.plist.xml; path = Info.plist; sourceTree = "<group>"; };
		887688F61B55C538000F6275 /* AppDelegate.swift */ = {isa = PBXFileReference; lastKnownFileType = sourcecode.swift; path = AppDelegate.swift; sourceTree = "<group>"; };
		887688F81B55C538000F6275 /* ViewController.swift */ = {isa = PBXFileReference; lastKnownFileType = sourcecode.swift; path = ViewController.swift; sourceTree = "<group>"; };
		887688FB1B55C538000F6275 /* Base */ = {isa = PBXFileReference; lastKnownFileType = file.storyboard; name = Base; path = Base.lproj/Main.storyboard; sourceTree = "<group>"; };
		887688FD1B55C538000F6275 /* Images.xcassets */ = {isa = PBXFileReference; lastKnownFileType = folder.assetcatalog; path = Images.xcassets; sourceTree = "<group>"; };
		887689001B55C539000F6275 /* Base */ = {isa = PBXFileReference; lastKnownFileType = file.xib; name = Base; path = Base.lproj/LaunchScreen.xib; sourceTree = "<group>"; };
		887689061B55C539000F6275 /* WeatherFeelTests.xctest */ = {isa = PBXFileReference; explicitFileType = wrapper.cfbundle; includeInIndex = 0; path = WeatherFeelTests.xctest; sourceTree = BUILT_PRODUCTS_DIR; };
		8876890B1B55C539000F6275 /* Info.plist */ = {isa = PBXFileReference; lastKnownFileType = text.plist.xml; path = Info.plist; sourceTree = "<group>"; };
		8876890C1B55C539000F6275 /* WeatherFeelTests.swift */ = {isa = PBXFileReference; lastKnownFileType = sourcecode.swift; path = WeatherFeelTests.swift; sourceTree = "<group>"; };
		887689161B55C6FA000F6275 /* PlayfairDisplay-Italic.ttf */ = {isa = PBXFileReference; lastKnownFileType = file; path = "PlayfairDisplay-Italic.ttf"; sourceTree = "<group>"; };
		887689181B55C841000F6275 /* CircularStd-Book.otf */ = {isa = PBXFileReference; lastKnownFileType = file; path = "CircularStd-Book.otf"; sourceTree = "<group>"; };
		887689191B55C841000F6275 /* CircularStd-Medium.otf */ = {isa = PBXFileReference; lastKnownFileType = file; path = "CircularStd-Medium.otf"; sourceTree = "<group>"; };
		8876891E1B55CA5B000F6275 /* CircularStd-Bold.otf */ = {isa = PBXFileReference; lastKnownFileType = file; path = "CircularStd-Bold.otf"; sourceTree = "<group>"; };
		887689201B55D2B9000F6275 /* ApiKeys.plist */ = {isa = PBXFileReference; fileEncoding = 4; lastKnownFileType = text.plist.xml; path = ApiKeys.plist; sourceTree = "<group>"; };
		887689221B55D2EF000F6275 /* ApiKeys.swift */ = {isa = PBXFileReference; fileEncoding = 4; lastKnownFileType = sourcecode.swift; path = ApiKeys.swift; sourceTree = "<group>"; };
		887689241B56C031000F6275 /* UIColorExtensions.swift */ = {isa = PBXFileReference; fileEncoding = 4; lastKnownFileType = sourcecode.swift; path = UIColorExtensions.swift; sourceTree = "<group>"; };
		887689261B56F3F5000F6275 /* StringExtensions.swift */ = {isa = PBXFileReference; fileEncoding = 4; lastKnownFileType = sourcecode.swift; path = StringExtensions.swift; sourceTree = "<group>"; };
		888D46771BA1DAA200DD50B5 /* RadarOverlay.swift */ = {isa = PBXFileReference; fileEncoding = 4; lastKnownFileType = sourcecode.swift; path = RadarOverlay.swift; sourceTree = "<group>"; };
		888D46791BA1DDE000DD50B5 /* RadarOverlayView.swift */ = {isa = PBXFileReference; fileEncoding = 4; lastKnownFileType = sourcecode.swift; path = RadarOverlayView.swift; sourceTree = "<group>"; };
		88971F011BB10DF70091711D /* sunrise@2x.png */ = {isa = PBXFileReference; lastKnownFileType = image.png; path = "sunrise@2x.png"; sourceTree = "<group>"; };
		88971F021BB10DF70091711D /* sunrise@3x.png */ = {isa = PBXFileReference; lastKnownFileType = image.png; path = "sunrise@3x.png"; sourceTree = "<group>"; };
		88971F031BB10DF70091711D /* sunset@2x.png */ = {isa = PBXFileReference; lastKnownFileType = image.png; path = "sunset@2x.png"; sourceTree = "<group>"; };
		88971F041BB10DF70091711D /* sunset@3x.png */ = {isa = PBXFileReference; lastKnownFileType = image.png; path = "sunset@3x.png"; sourceTree = "<group>"; };
		88971F091BB23C9A0091711D /* mapshadow@2x.png */ = {isa = PBXFileReference; lastKnownFileType = image.png; path = "mapshadow@2x.png"; sourceTree = "<group>"; };
		88971F0B1BB23D4A0091711D /* cloudy@2x.png */ = {isa = PBXFileReference; lastKnownFileType = image.png; path = "cloudy@2x.png"; sourceTree = "<group>"; };
		88971F0C1BB23D4A0091711D /* cloudy@3x.png */ = {isa = PBXFileReference; lastKnownFileType = image.png; path = "cloudy@3x.png"; sourceTree = "<group>"; };
		88971F0D1BB23D4A0091711D /* fog@2x.png */ = {isa = PBXFileReference; lastKnownFileType = image.png; path = "fog@2x.png"; sourceTree = "<group>"; };
		88971F0E1BB23D4A0091711D /* fog@3x.png */ = {isa = PBXFileReference; lastKnownFileType = image.png; path = "fog@3x.png"; sourceTree = "<group>"; };
		88971F0F1BB23D4A0091711D /* partly-cloudy-night@2x.png */ = {isa = PBXFileReference; lastKnownFileType = image.png; path = "partly-cloudy-night@2x.png"; sourceTree = "<group>"; };
		88971F101BB23D4A0091711D /* partly-cloudy-night@3x.png */ = {isa = PBXFileReference; lastKnownFileType = image.png; path = "partly-cloudy-night@3x.png"; sourceTree = "<group>"; };
		88971F111BB23D4A0091711D /* clear-day@2x.png */ = {isa = PBXFileReference; lastKnownFileType = image.png; path = "clear-day@2x.png"; sourceTree = "<group>"; };
		88971F121BB23D4A0091711D /* clear-day@3x.png */ = {isa = PBXFileReference; lastKnownFileType = image.png; path = "clear-day@3x.png"; sourceTree = "<group>"; };
		88971F131BB23D4A0091711D /* clear-night@2x.png */ = {isa = PBXFileReference; lastKnownFileType = image.png; path = "clear-night@2x.png"; sourceTree = "<group>"; };
		88971F141BB23D4A0091711D /* clear-night@3x.png */ = {isa = PBXFileReference; lastKnownFileType = image.png; path = "clear-night@3x.png"; sourceTree = "<group>"; };
		88971F151BB23D4A0091711D /* partly-cloudy-day@2x.png */ = {isa = PBXFileReference; lastKnownFileType = image.png; path = "partly-cloudy-day@2x.png"; sourceTree = "<group>"; };
		88971F161BB23D4A0091711D /* partly-cloudy-day@3x.png */ = {isa = PBXFileReference; lastKnownFileType = image.png; path = "partly-cloudy-day@3x.png"; sourceTree = "<group>"; };
		88971F171BB23D4A0091711D /* rain@2x.png */ = {isa = PBXFileReference; lastKnownFileType = image.png; path = "rain@2x.png"; sourceTree = "<group>"; };
		88971F181BB23D4A0091711D /* rain@3x.png */ = {isa = PBXFileReference; lastKnownFileType = image.png; path = "rain@3x.png"; sourceTree = "<group>"; };
		88971F191BB23D4A0091711D /* sleet@2x.png */ = {isa = PBXFileReference; lastKnownFileType = image.png; path = "sleet@2x.png"; sourceTree = "<group>"; };
		88971F1A1BB23D4A0091711D /* sleet@3x.png */ = {isa = PBXFileReference; lastKnownFileType = image.png; path = "sleet@3x.png"; sourceTree = "<group>"; };
		88971F1B1BB23D4A0091711D /* snow@2x.png */ = {isa = PBXFileReference; lastKnownFileType = image.png; path = "snow@2x.png"; sourceTree = "<group>"; };
		88971F1C1BB23D4A0091711D /* snow@3x.png */ = {isa = PBXFileReference; lastKnownFileType = image.png; path = "snow@3x.png"; sourceTree = "<group>"; };
		88971F1D1BB23D4A0091711D /* wind@2x.png */ = {isa = PBXFileReference; lastKnownFileType = image.png; path = "wind@2x.png"; sourceTree = "<group>"; };
		88971F1E1BB23D4A0091711D /* wind@3x.png */ = {isa = PBXFileReference; lastKnownFileType = image.png; path = "wind@3x.png"; sourceTree = "<group>"; };
		88971F331BB23FB30091711D /* mapshadow@3x.png */ = {isa = PBXFileReference; lastKnownFileType = image.png; path = "mapshadow@3x.png"; sourceTree = "<group>"; };
		88971F351BB5D6EF0091711D /* weathersbee-title@2x.png */ = {isa = PBXFileReference; lastKnownFileType = image.png; path = "weathersbee-title@2x.png"; sourceTree = "<group>"; };
		88971F361BB5D6EF0091711D /* weathersbee-title@3x.png */ = {isa = PBXFileReference; lastKnownFileType = image.png; path = "weathersbee-title@3x.png"; sourceTree = "<group>"; };
		88971F3D1BB5F6210091711D /* shadow@3x.png */ = {isa = PBXFileReference; lastKnownFileType = image.png; path = "shadow@3x.png"; sourceTree = "<group>"; };
		88971F3E1BB5F6210091711D /* shadow@2x.png */ = {isa = PBXFileReference; lastKnownFileType = image.png; path = "shadow@2x.png"; sourceTree = "<group>"; };
		88971F411BB720C20091711D /* launch@2x.png */ = {isa = PBXFileReference; lastKnownFileType = image.png; path = "launch@2x.png"; sourceTree = "<group>"; };
		88971F421BB720C30091711D /* launch@3x.png */ = {isa = PBXFileReference; lastKnownFileType = image.png; path = "launch@3x.png"; sourceTree = "<group>"; };
		88971F431BB720C30091711D /* wink@2x.png */ = {isa = PBXFileReference; lastKnownFileType = image.png; path = "wink@2x.png"; sourceTree = "<group>"; };
		88971F441BB720C30091711D /* wink@3x.png */ = {isa = PBXFileReference; lastKnownFileType = image.png; path = "wink@3x.png"; sourceTree = "<group>"; };
		88D28F921BB8EB1200485881 /* minimize@3x.png */ = {isa = PBXFileReference; lastKnownFileType = image.png; path = "minimize@3x.png"; sourceTree = "<group>"; };
		88D28F931BB8EB1200485881 /* maximize@3x.png */ = {isa = PBXFileReference; lastKnownFileType = image.png; path = "maximize@3x.png"; sourceTree = "<group>"; };
		88DAEBD91B86922200693D19 /* humidity-icon-default@2x.png */ = {isa = PBXFileReference; lastKnownFileType = image.png; path = "humidity-icon-default@2x.png"; sourceTree = "<group>"; };
		88DAEBDA1B86922200693D19 /* humidity-icon-default@3x.png */ = {isa = PBXFileReference; lastKnownFileType = image.png; path = "humidity-icon-default@3x.png"; sourceTree = "<group>"; };
		88DAEBDB1B86922200693D19 /* uv-icon-default@2x.png */ = {isa = PBXFileReference; lastKnownFileType = image.png; path = "uv-icon-default@2x.png"; sourceTree = "<group>"; };
		88DAEBDC1B86922200693D19 /* uv-icon-default@3x.png */ = {isa = PBXFileReference; lastKnownFileType = image.png; path = "uv-icon-default@3x.png"; sourceTree = "<group>"; };
		88DAEBDD1B86922200693D19 /* wind-icon-default@2x.png */ = {isa = PBXFileReference; lastKnownFileType = image.png; path = "wind-icon-default@2x.png"; sourceTree = "<group>"; };
		88DAEBDE1B86922200693D19 /* wind-icon-default@3x.png */ = {isa = PBXFileReference; lastKnownFileType = image.png; path = "wind-icon-default@3x.png"; sourceTree = "<group>"; };
		88DAEBE91B87B7F700693D19 /* DateExtensions.swift */ = {isa = PBXFileReference; fileEncoding = 4; lastKnownFileType = sourcecode.swift; path = DateExtensions.swift; sourceTree = "<group>"; };
		88F951EB1B68399D0046D71C /* UILabelNonClipping.swift */ = {isa = PBXFileReference; fileEncoding = 4; lastKnownFileType = sourcecode.swift; path = UILabelNonClipping.swift; sourceTree = "<group>"; };
/* End PBXFileReference section */

/* Begin PBXFrameworksBuildPhase section */
		887688EE1B55C538000F6275 /* Frameworks */ = {
			isa = PBXFrameworksBuildPhase;
			buildActionMask = 2147483647;
			files = (
			);
			runOnlyForDeploymentPostprocessing = 0;
		};
		887689031B55C539000F6275 /* Frameworks */ = {
			isa = PBXFrameworksBuildPhase;
			buildActionMask = 2147483647;
			files = (
			);
			runOnlyForDeploymentPostprocessing = 0;
		};
/* End PBXFrameworksBuildPhase section */

/* Begin PBXGroup section */
		887688E81B55C538000F6275 = {
			isa = PBXGroup;
			children = (
				887688F31B55C538000F6275 /* WeatherFeel */,
				887689091B55C539000F6275 /* WeatherFeelTests */,
				887688F21B55C538000F6275 /* Products */,
			);
			sourceTree = "<group>";
		};
		887688F21B55C538000F6275 /* Products */ = {
			isa = PBXGroup;
			children = (
				887688F11B55C538000F6275 /* WeatherFeel.app */,
				887689061B55C539000F6275 /* WeatherFeelTests.xctest */,
			);
			name = Products;
			sourceTree = "<group>";
		};
		887688F31B55C538000F6275 /* WeatherFeel */ = {
			isa = PBXGroup;
			children = (
				887688F61B55C538000F6275 /* AppDelegate.swift */,
				887688F81B55C538000F6275 /* ViewController.swift */,
				8853EF7B1BA7AC8E00966474 /* RadarTileOverlay.swift */,
				888D46791BA1DDE000DD50B5 /* RadarOverlayView.swift */,
				888D46771BA1DAA200DD50B5 /* RadarOverlay.swift */,
				8853EF791BA726AA00966474 /* AnimatedRadar.swift */,
				88DAEBE91B87B7F700693D19 /* DateExtensions.swift */,
				88F951EB1B68399D0046D71C /* UILabelNonClipping.swift */,
				887688FA1B55C538000F6275 /* Main.storyboard */,
				887689261B56F3F5000F6275 /* StringExtensions.swift */,
				887689241B56C031000F6275 /* UIColorExtensions.swift */,
				887689161B55C6FA000F6275 /* PlayfairDisplay-Italic.ttf */,
				887689181B55C841000F6275 /* CircularStd-Book.otf */,
				8876891E1B55CA5B000F6275 /* CircularStd-Bold.otf */,
				887689191B55C841000F6275 /* CircularStd-Medium.otf */,
				88971F351BB5D6EF0091711D /* weathersbee-title@2x.png */,
				88971F361BB5D6EF0091711D /* weathersbee-title@3x.png */,
				88971F411BB720C20091711D /* launch@2x.png */,
				88971F421BB720C30091711D /* launch@3x.png */,
				88971F431BB720C30091711D /* wink@2x.png */,
				88971F441BB720C30091711D /* wink@3x.png */,
				88971F3D1BB5F6210091711D /* shadow@3x.png */,
				88971F3E1BB5F6210091711D /* shadow@2x.png */,
				885261F91BA8D062005B091B /* minimize@2x.png */,
				885261FA1BA8D062005B091B /* maximize@2x.png */,
				88D28F921BB8EB1200485881 /* minimize@3x.png */,
				88D28F931BB8EB1200485881 /* maximize@3x.png */,
				88971F091BB23C9A0091711D /* mapshadow@2x.png */,
				88971F331BB23FB30091711D /* mapshadow@3x.png */,
				88971F011BB10DF70091711D /* sunrise@2x.png */,
				88971F021BB10DF70091711D /* sunrise@3x.png */,
				88971F031BB10DF70091711D /* sunset@2x.png */,
				88971F041BB10DF70091711D /* sunset@3x.png */,
				88971F0B1BB23D4A0091711D /* cloudy@2x.png */,
				88971F0C1BB23D4A0091711D /* cloudy@3x.png */,
				88971F0D1BB23D4A0091711D /* fog@2x.png */,
				88971F0E1BB23D4A0091711D /* fog@3x.png */,
				88971F0F1BB23D4A0091711D /* partly-cloudy-night@2x.png */,
				88971F101BB23D4A0091711D /* partly-cloudy-night@3x.png */,
				88971F111BB23D4A0091711D /* clear-day@2x.png */,
				88971F121BB23D4A0091711D /* clear-day@3x.png */,
				88971F131BB23D4A0091711D /* clear-night@2x.png */,
				88971F141BB23D4A0091711D /* clear-night@3x.png */,
				88971F151BB23D4A0091711D /* partly-cloudy-day@2x.png */,
				88971F161BB23D4A0091711D /* partly-cloudy-day@3x.png */,
				88971F171BB23D4A0091711D /* rain@2x.png */,
				88971F181BB23D4A0091711D /* rain@3x.png */,
				88971F191BB23D4A0091711D /* sleet@2x.png */,
				88971F1A1BB23D4A0091711D /* sleet@3x.png */,
				88971F1B1BB23D4A0091711D /* snow@2x.png */,
				88971F1C1BB23D4A0091711D /* snow@3x.png */,
				88971F1D1BB23D4A0091711D /* wind@2x.png */,
				88971F1E1BB23D4A0091711D /* wind@3x.png */,
				88DAEBD91B86922200693D19 /* humidity-icon-default@2x.png */,
				88DAEBDA1B86922200693D19 /* humidity-icon-default@3x.png */,
				88DAEBDB1B86922200693D19 /* uv-icon-default@2x.png */,
				88DAEBDC1B86922200693D19 /* uv-icon-default@3x.png */,
				88DAEBDD1B86922200693D19 /* wind-icon-default@2x.png */,
				88DAEBDE1B86922200693D19 /* wind-icon-default@3x.png */,
				887688FD1B55C538000F6275 /* Images.xcassets */,
				887688FF1B55C539000F6275 /* LaunchScreen.xib */,
				887688F41B55C538000F6275 /* Supporting Files */,
			);
			path = WeatherFeel;
			sourceTree = "<group>";
		};
		887688F41B55C538000F6275 /* Supporting Files */ = {
			isa = PBXGroup;
			children = (
				887688F51B55C538000F6275 /* Info.plist */,
				887689221B55D2EF000F6275 /* ApiKeys.swift */,
				887689201B55D2B9000F6275 /* ApiKeys.plist */,
			);
			name = "Supporting Files";
			sourceTree = "<group>";
		};
		887689091B55C539000F6275 /* WeatherFeelTests */ = {
			isa = PBXGroup;
			children = (
				8876890C1B55C539000F6275 /* WeatherFeelTests.swift */,
				8876890A1B55C539000F6275 /* Supporting Files */,
			);
			path = WeatherFeelTests;
			sourceTree = "<group>";
		};
		8876890A1B55C539000F6275 /* Supporting Files */ = {
			isa = PBXGroup;
			children = (
				8876890B1B55C539000F6275 /* Info.plist */,
			);
			name = "Supporting Files";
			sourceTree = "<group>";
		};
/* End PBXGroup section */

/* Begin PBXNativeTarget section */
		887688F01B55C538000F6275 /* WeatherFeel */ = {
			isa = PBXNativeTarget;
			buildConfigurationList = 887689101B55C539000F6275 /* Build configuration list for PBXNativeTarget "WeatherFeel" */;
			buildPhases = (
				887688ED1B55C538000F6275 /* Sources */,
				887688EE1B55C538000F6275 /* Frameworks */,
				887688EF1B55C538000F6275 /* Resources */,
			);
			buildRules = (
			);
			dependencies = (
			);
			name = WeatherFeel;
			productName = WeatherFeel;
			productReference = 887688F11B55C538000F6275 /* WeatherFeel.app */;
			productType = "com.apple.product-type.application";
		};
		887689051B55C539000F6275 /* WeatherFeelTests */ = {
			isa = PBXNativeTarget;
			buildConfigurationList = 887689131B55C539000F6275 /* Build configuration list for PBXNativeTarget "WeatherFeelTests" */;
			buildPhases = (
				887689021B55C539000F6275 /* Sources */,
				887689031B55C539000F6275 /* Frameworks */,
				887689041B55C539000F6275 /* Resources */,
			);
			buildRules = (
			);
			dependencies = (
				887689081B55C539000F6275 /* PBXTargetDependency */,
			);
			name = WeatherFeelTests;
			productName = WeatherFeelTests;
			productReference = 887689061B55C539000F6275 /* WeatherFeelTests.xctest */;
			productType = "com.apple.product-type.bundle.unit-test";
		};
/* End PBXNativeTarget section */

/* Begin PBXProject section */
		887688E91B55C538000F6275 /* Project object */ = {
			isa = PBXProject;
			attributes = {
				LastSwiftMigration = 0700;
				LastSwiftUpdateCheck = 0700;
				LastUpgradeCheck = 0700;
				ORGANIZATIONNAME = "John Mauro";
				TargetAttributes = {
					887688F01B55C538000F6275 = {
						CreatedOnToolsVersion = 6.4;
						DevelopmentTeam = 69879Q6Z4H;
					};
					887689051B55C539000F6275 = {
						CreatedOnToolsVersion = 6.4;
						TestTargetID = 887688F01B55C538000F6275;
					};
				};
			};
			buildConfigurationList = 887688EC1B55C538000F6275 /* Build configuration list for PBXProject "WeatherFeel" */;
			compatibilityVersion = "Xcode 3.2";
			developmentRegion = English;
			hasScannedForEncodings = 0;
			knownRegions = (
				en,
				Base,
			);
			mainGroup = 887688E81B55C538000F6275;
			productRefGroup = 887688F21B55C538000F6275 /* Products */;
			projectDirPath = "";
			projectRoot = "";
			targets = (
				887688F01B55C538000F6275 /* WeatherFeel */,
				887689051B55C539000F6275 /* WeatherFeelTests */,
			);
		};
/* End PBXProject section */

/* Begin PBXResourcesBuildPhase section */
		887688EF1B55C538000F6275 /* Resources */ = {
			isa = PBXResourcesBuildPhase;
			buildActionMask = 2147483647;
			files = (
				88971F1F1BB23D4A0091711D /* cloudy@2x.png in Resources */,
				8876891A1B55C841000F6275 /* CircularStd-Book.otf in Resources */,
				88971F301BB23D4A0091711D /* snow@3x.png in Resources */,
				88971F371BB5D6EF0091711D /* weathersbee-title@2x.png in Resources */,
				8876891F1B55CA5B000F6275 /* CircularStd-Bold.otf in Resources */,
				88971F251BB23D4A0091711D /* clear-day@2x.png in Resources */,
				88971F051BB10DF70091711D /* sunrise@2x.png in Resources */,
				887688FC1B55C538000F6275 /* Main.storyboard in Resources */,
				887689011B55C539000F6275 /* LaunchScreen.xib in Resources */,
				88971F2A1BB23D4A0091711D /* partly-cloudy-day@3x.png in Resources */,
				88971F261BB23D4A0091711D /* clear-day@3x.png in Resources */,
				88DAEBE11B86922200693D19 /* uv-icon-default@2x.png in Resources */,
				88971F341BB23FB30091711D /* mapshadow@3x.png in Resources */,
				885261FB1BA8D062005B091B /* minimize@2x.png in Resources */,
				88971F081BB10DF70091711D /* sunset@3x.png in Resources */,
				88971F311BB23D4A0091711D /* wind@2x.png in Resources */,
				88D28F941BB8EB1200485881 /* minimize@3x.png in Resources */,
				88DAEBE01B86922200693D19 /* humidity-icon-default@3x.png in Resources */,
				88DAEBE21B86922200693D19 /* uv-icon-default@3x.png in Resources */,
				88971F2E1BB23D4A0091711D /* sleet@3x.png in Resources */,
				88971F451BB720C30091711D /* launch@2x.png in Resources */,
				88971F2F1BB23D4A0091711D /* snow@2x.png in Resources */,
				88DAEBDF1B86922200693D19 /* humidity-icon-default@2x.png in Resources */,
				88971F471BB720C30091711D /* wink@2x.png in Resources */,
				88DAEBE41B86922200693D19 /* wind-icon-default@3x.png in Resources */,
				88971F381BB5D6EF0091711D /* weathersbee-title@3x.png in Resources */,
				88971F2D1BB23D4A0091711D /* sleet@2x.png in Resources */,
				88971F061BB10DF70091711D /* sunrise@3x.png in Resources */,
				88971F271BB23D4A0091711D /* clear-night@2x.png in Resources */,
				887689211B55D2B9000F6275 /* ApiKeys.plist in Resources */,
				88971F241BB23D4A0091711D /* partly-cloudy-night@3x.png in Resources */,
				88971F2B1BB23D4A0091711D /* rain@2x.png in Resources */,
				88971F201BB23D4A0091711D /* cloudy@3x.png in Resources */,
				88D28F951BB8EB1200485881 /* maximize@3x.png in Resources */,
				887688FE1B55C538000F6275 /* Images.xcassets in Resources */,
				88971F291BB23D4A0091711D /* partly-cloudy-day@2x.png in Resources */,
				88971F221BB23D4A0091711D /* fog@3x.png in Resources */,
				88971F0A1BB23C9A0091711D /* mapshadow@2x.png in Resources */,
				88971F071BB10DF70091711D /* sunset@2x.png in Resources */,
				88971F231BB23D4A0091711D /* partly-cloudy-night@2x.png in Resources */,
				88971F281BB23D4A0091711D /* clear-night@3x.png in Resources */,
				88971F461BB720C30091711D /* launch@3x.png in Resources */,
				88971F321BB23D4A0091711D /* wind@3x.png in Resources */,
				887689171B55C6FA000F6275 /* PlayfairDisplay-Italic.ttf in Resources */,
				88971F211BB23D4A0091711D /* fog@2x.png in Resources */,
				88971F2C1BB23D4A0091711D /* rain@3x.png in Resources */,
				88971F3F1BB5F6210091711D /* shadow@3x.png in Resources */,
				8876891B1B55C841000F6275 /* CircularStd-Medium.otf in Resources */,
				88971F481BB720C30091711D /* wink@3x.png in Resources */,
				88971F401BB5F6210091711D /* shadow@2x.png in Resources */,
				885261FC1BA8D062005B091B /* maximize@2x.png in Resources */,
				88DAEBE31B86922200693D19 /* wind-icon-default@2x.png in Resources */,
			);
			runOnlyForDeploymentPostprocessing = 0;
		};
		887689041B55C539000F6275 /* Resources */ = {
			isa = PBXResourcesBuildPhase;
			buildActionMask = 2147483647;
			files = (
			);
			runOnlyForDeploymentPostprocessing = 0;
		};
/* End PBXResourcesBuildPhase section */

/* Begin PBXSourcesBuildPhase section */
		887688ED1B55C538000F6275 /* Sources */ = {
			isa = PBXSourcesBuildPhase;
			buildActionMask = 2147483647;
			files = (
				88DAEBEA1B87B7F700693D19 /* DateExtensions.swift in Sources */,
				888D46781BA1DAA200DD50B5 /* RadarOverlay.swift in Sources */,
				888D467A1BA1DDE000DD50B5 /* RadarOverlayView.swift in Sources */,
				8853EF7A1BA726AA00966474 /* AnimatedRadar.swift in Sources */,
				887688F91B55C538000F6275 /* ViewController.swift in Sources */,
				887688F71B55C538000F6275 /* AppDelegate.swift in Sources */,
				88F951EC1B68399E0046D71C /* UILabelNonClipping.swift in Sources */,
				887689271B56F3F5000F6275 /* StringExtensions.swift in Sources */,
				8853EF7C1BA7AC8E00966474 /* RadarTileOverlay.swift in Sources */,
				887689231B55D2F0000F6275 /* ApiKeys.swift in Sources */,
				887689251B56C031000F6275 /* UIColorExtensions.swift in Sources */,
			);
			runOnlyForDeploymentPostprocessing = 0;
		};
		887689021B55C539000F6275 /* Sources */ = {
			isa = PBXSourcesBuildPhase;
			buildActionMask = 2147483647;
			files = (
				8876890D1B55C539000F6275 /* WeatherFeelTests.swift in Sources */,
			);
			runOnlyForDeploymentPostprocessing = 0;
		};
/* End PBXSourcesBuildPhase section */

/* Begin PBXTargetDependency section */
		887689081B55C539000F6275 /* PBXTargetDependency */ = {
			isa = PBXTargetDependency;
			target = 887688F01B55C538000F6275 /* WeatherFeel */;
			targetProxy = 887689071B55C539000F6275 /* PBXContainerItemProxy */;
		};
/* End PBXTargetDependency section */

/* Begin PBXVariantGroup section */
		887688FA1B55C538000F6275 /* Main.storyboard */ = {
			isa = PBXVariantGroup;
			children = (
				887688FB1B55C538000F6275 /* Base */,
			);
			name = Main.storyboard;
			sourceTree = "<group>";
		};
		887688FF1B55C539000F6275 /* LaunchScreen.xib */ = {
			isa = PBXVariantGroup;
			children = (
				887689001B55C539000F6275 /* Base */,
			);
			name = LaunchScreen.xib;
			sourceTree = "<group>";
		};
/* End PBXVariantGroup section */

/* Begin XCBuildConfiguration section */
		8876890E1B55C539000F6275 /* Debug */ = {
			isa = XCBuildConfiguration;
			buildSettings = {
				ALWAYS_SEARCH_USER_PATHS = NO;
				CLANG_CXX_LANGUAGE_STANDARD = "gnu++0x";
				CLANG_CXX_LIBRARY = "libc++";
				CLANG_ENABLE_MODULES = YES;
				CLANG_ENABLE_OBJC_ARC = YES;
				CLANG_WARN_BOOL_CONVERSION = YES;
				CLANG_WARN_CONSTANT_CONVERSION = YES;
				CLANG_WARN_DIRECT_OBJC_ISA_USAGE = YES_ERROR;
				CLANG_WARN_EMPTY_BODY = YES;
				CLANG_WARN_ENUM_CONVERSION = YES;
				CLANG_WARN_INT_CONVERSION = YES;
				CLANG_WARN_OBJC_ROOT_CLASS = YES_ERROR;
				CLANG_WARN_UNREACHABLE_CODE = YES;
				CLANG_WARN__DUPLICATE_METHOD_MATCH = YES;
				"CODE_SIGN_IDENTITY[sdk=iphoneos*]" = "iPhone Developer";
				COPY_PHASE_STRIP = NO;
				DEBUG_INFORMATION_FORMAT = "dwarf-with-dsym";
				ENABLE_STRICT_OBJC_MSGSEND = YES;
				ENABLE_TESTABILITY = YES;
				GCC_C_LANGUAGE_STANDARD = gnu99;
				GCC_DYNAMIC_NO_PIC = NO;
				GCC_NO_COMMON_BLOCKS = YES;
				GCC_OPTIMIZATION_LEVEL = 0;
				GCC_PREPROCESSOR_DEFINITIONS = (
					"DEBUG=1",
					"$(inherited)",
				);
				GCC_SYMBOLS_PRIVATE_EXTERN = NO;
				GCC_WARN_64_TO_32_BIT_CONVERSION = YES;
				GCC_WARN_ABOUT_RETURN_TYPE = YES_ERROR;
				GCC_WARN_UNDECLARED_SELECTOR = YES;
				GCC_WARN_UNINITIALIZED_AUTOS = YES_AGGRESSIVE;
				GCC_WARN_UNUSED_FUNCTION = YES;
				GCC_WARN_UNUSED_VARIABLE = YES;
				IPHONEOS_DEPLOYMENT_TARGET = 8.0;
				MTL_ENABLE_DEBUG_INFO = YES;
				ONLY_ACTIVE_ARCH = YES;
				SDKROOT = iphoneos;
				SWIFT_OPTIMIZATION_LEVEL = "-Onone";
			};
			name = Debug;
		};
		8876890F1B55C539000F6275 /* Release */ = {
			isa = XCBuildConfiguration;
			buildSettings = {
				ALWAYS_SEARCH_USER_PATHS = NO;
				CLANG_CXX_LANGUAGE_STANDARD = "gnu++0x";
				CLANG_CXX_LIBRARY = "libc++";
				CLANG_ENABLE_MODULES = YES;
				CLANG_ENABLE_OBJC_ARC = YES;
				CLANG_WARN_BOOL_CONVERSION = YES;
				CLANG_WARN_CONSTANT_CONVERSION = YES;
				CLANG_WARN_DIRECT_OBJC_ISA_USAGE = YES_ERROR;
				CLANG_WARN_EMPTY_BODY = YES;
				CLANG_WARN_ENUM_CONVERSION = YES;
				CLANG_WARN_INT_CONVERSION = YES;
				CLANG_WARN_OBJC_ROOT_CLASS = YES_ERROR;
				CLANG_WARN_UNREACHABLE_CODE = YES;
				CLANG_WARN__DUPLICATE_METHOD_MATCH = YES;
				"CODE_SIGN_IDENTITY[sdk=iphoneos*]" = "iPhone Developer";
				COPY_PHASE_STRIP = NO;
				DEBUG_INFORMATION_FORMAT = "dwarf-with-dsym";
				ENABLE_NS_ASSERTIONS = NO;
				ENABLE_STRICT_OBJC_MSGSEND = YES;
				GCC_C_LANGUAGE_STANDARD = gnu99;
				GCC_NO_COMMON_BLOCKS = YES;
				GCC_WARN_64_TO_32_BIT_CONVERSION = YES;
				GCC_WARN_ABOUT_RETURN_TYPE = YES_ERROR;
				GCC_WARN_UNDECLARED_SELECTOR = YES;
				GCC_WARN_UNINITIALIZED_AUTOS = YES_AGGRESSIVE;
				GCC_WARN_UNUSED_FUNCTION = YES;
				GCC_WARN_UNUSED_VARIABLE = YES;
				IPHONEOS_DEPLOYMENT_TARGET = 8.0;
				MTL_ENABLE_DEBUG_INFO = NO;
				SDKROOT = iphoneos;
				VALIDATE_PRODUCT = YES;
			};
			name = Release;
		};
		887689111B55C539000F6275 /* Debug */ = {
			isa = XCBuildConfiguration;
			buildSettings = {
				ASSETCATALOG_COMPILER_APPICON_NAME = AppIcon;
				ASSETCATALOG_COMPILER_LAUNCHIMAGE_NAME = LaunchImage;
				CODE_SIGN_IDENTITY = "iPhone Developer";
				INFOPLIST_FILE = WeatherFeel/Info.plist;
				IPHONEOS_DEPLOYMENT_TARGET = 8.0;
				LD_RUNPATH_SEARCH_PATHS = "$(inherited) @executable_path/Frameworks";
				PRODUCT_BUNDLE_IDENTIFIER = "com.getweathersbee.JM.$(PRODUCT_NAME:rfc1034identifier)";
				PRODUCT_NAME = "$(TARGET_NAME)";
			};
			name = Debug;
		};
		887689121B55C539000F6275 /* Release */ = {
			isa = XCBuildConfiguration;
			buildSettings = {
				ASSETCATALOG_COMPILER_APPICON_NAME = AppIcon;
				ASSETCATALOG_COMPILER_LAUNCHIMAGE_NAME = LaunchImage;
				CODE_SIGN_IDENTITY = "iPhone Developer";
				INFOPLIST_FILE = WeatherFeel/Info.plist;
				IPHONEOS_DEPLOYMENT_TARGET = 8.0;
				LD_RUNPATH_SEARCH_PATHS = "$(inherited) @executable_path/Frameworks";
				PRODUCT_BUNDLE_IDENTIFIER = "com.getweathersbee.JM.$(PRODUCT_NAME:rfc1034identifier)";
				PRODUCT_NAME = "$(TARGET_NAME)";
			};
			name = Release;
		};
		887689141B55C539000F6275 /* Debug */ = {
			isa = XCBuildConfiguration;
			buildSettings = {
				BUNDLE_LOADER = "$(TEST_HOST)";
				FRAMEWORK_SEARCH_PATHS = "";
				GCC_PREPROCESSOR_DEFINITIONS = (
					"DEBUG=1",
					"$(inherited)",
				);
				INFOPLIST_FILE = WeatherFeelTests/Info.plist;
				LD_RUNPATH_SEARCH_PATHS = "$(inherited) @executable_path/Frameworks @loader_path/Frameworks";
				PRODUCT_BUNDLE_IDENTIFIER = "JM.$(PRODUCT_NAME:rfc1034identifier)";
				PRODUCT_NAME = "$(TARGET_NAME)";
				TEST_HOST = "$(BUILT_PRODUCTS_DIR)/WeatherFeel.app/WeatherFeel";
			};
			name = Debug;
		};
		887689151B55C539000F6275 /* Release */ = {
			isa = XCBuildConfiguration;
			buildSettings = {
				BUNDLE_LOADER = "$(TEST_HOST)";
				FRAMEWORK_SEARCH_PATHS = "";
				INFOPLIST_FILE = WeatherFeelTests/Info.plist;
				LD_RUNPATH_SEARCH_PATHS = "$(inherited) @executable_path/Frameworks @loader_path/Frameworks";
				PRODUCT_BUNDLE_IDENTIFIER = "JM.$(PRODUCT_NAME:rfc1034identifier)";
				PRODUCT_NAME = "$(TARGET_NAME)";
				TEST_HOST = "$(BUILT_PRODUCTS_DIR)/WeatherFeel.app/WeatherFeel";
			};
			name = Release;
		};
/* End XCBuildConfiguration section */

/* Begin XCConfigurationList section */
		887688EC1B55C538000F6275 /* Build configuration list for PBXProject "WeatherFeel" */ = {
			isa = XCConfigurationList;
			buildConfigurations = (
				8876890E1B55C539000F6275 /* Debug */,
				8876890F1B55C539000F6275 /* Release */,
			);
			defaultConfigurationIsVisible = 0;
			defaultConfigurationName = Release;
		};
		887689101B55C539000F6275 /* Build configuration list for PBXNativeTarget "WeatherFeel" */ = {
			isa = XCConfigurationList;
			buildConfigurations = (
				887689111B55C539000F6275 /* Debug */,
				887689121B55C539000F6275 /* Release */,
			);
			defaultConfigurationIsVisible = 0;
			defaultConfigurationName = Release;
		};
		887689131B55C539000F6275 /* Build configuration list for PBXNativeTarget "WeatherFeelTests" */ = {
			isa = XCConfigurationList;
			buildConfigurations = (
				887689141B55C539000F6275 /* Debug */,
				887689151B55C539000F6275 /* Release */,
			);
			defaultConfigurationIsVisible = 0;
			defaultConfigurationName = Release;
		};
/* End XCConfigurationList section */
	};
	rootObject = 887688E91B55C538000F6275 /* Project object */;
}
