// !$*UTF8*$!
{
	archiveVersion = 1;
	classes = {
	};
	objectVersion = 46;
	objects = {

/* Begin PBXBuildFile section */
		883E71C61B743D650073E6FB /* weathersbee-title@2x.png in Resources */ = {isa = PBXBuildFile; fileRef = 883E71C41B743D650073E6FB /* weathersbee-title@2x.png */; };
		883E71C71B743D650073E6FB /* weathersbee-title@3x.png in Resources */ = {isa = PBXBuildFile; fileRef = 883E71C51B743D650073E6FB /* weathersbee-title@3x.png */; };
		887688F71B55C538000F6275 /* AppDelegate.swift in Sources */ = {isa = PBXBuildFile; fileRef = 887688F61B55C538000F6275 /* AppDelegate.swift */; };
		887688F91B55C538000F6275 /* ViewController.swift in Sources */ = {isa = PBXBuildFile; fileRef = 887688F81B55C538000F6275 /* ViewController.swift */; };
		887688FC1B55C538000F6275 /* Main.storyboard in Resources */ = {isa = PBXBuildFile; fileRef = 887688FA1B55C538000F6275 /* Main.storyboard */; };
		887688FE1B55C538000F6275 /* Images.xcassets in Resources */ = {isa = PBXBuildFile; fileRef = 887688FD1B55C538000F6275 /* Images.xcassets */; };
		887689011B55C539000F6275 /* LaunchScreen.xib in Resources */ = {isa = PBXBuildFile; fileRef = 887688FF1B55C539000F6275 /* LaunchScreen.xib */; };
		8876890D1B55C539000F6275 /* WeatherFeelTests.swift in Sources */ = {isa = PBXBuildFile; fileRef = 8876890C1B55C539000F6275 /* WeatherFeelTests.swift */; };
		887689171B55C6FA000F6275 /* PlayfairDisplay-Italic.ttf in Resources */ = {isa = PBXBuildFile; fileRef = 887689161B55C6FA000F6275 /* PlayfairDisplay-Italic.ttf */; };
		8876891A1B55C841000F6275 /* CircularStd-Book.otf in Resources */ = {isa = PBXBuildFile; fileRef = 887689181B55C841000F6275 /* CircularStd-Book.otf */; };
		8876891B1B55C841000F6275 /* CircularStd-Medium.otf in Resources */ = {isa = PBXBuildFile; fileRef = 887689191B55C841000F6275 /* CircularStd-Medium.otf */; };
		8876891F1B55CA5B000F6275 /* CircularStd-Bold.otf in Resources */ = {isa = PBXBuildFile; fileRef = 8876891E1B55CA5B000F6275 /* CircularStd-Bold.otf */; };
		887689211B55D2B9000F6275 /* ApiKeys.plist in Resources */ = {isa = PBXBuildFile; fileRef = 887689201B55D2B9000F6275 /* ApiKeys.plist */; };
		887689231B55D2F0000F6275 /* ApiKeys.swift in Sources */ = {isa = PBXBuildFile; fileRef = 887689221B55D2EF000F6275 /* ApiKeys.swift */; };
		887689251B56C031000F6275 /* UIColorExtensions.swift in Sources */ = {isa = PBXBuildFile; fileRef = 887689241B56C031000F6275 /* UIColorExtensions.swift */; };
		887689271B56F3F5000F6275 /* StringExtensions.swift in Sources */ = {isa = PBXBuildFile; fileRef = 887689261B56F3F5000F6275 /* StringExtensions.swift */; };
		8888B2F31B7551CF00D93A68 /* launch@2x.png in Resources */ = {isa = PBXBuildFile; fileRef = 8888B2F11B7551CF00D93A68 /* launch@2x.png */; };
		8888B2F41B7551CF00D93A68 /* wink@2x.png in Resources */ = {isa = PBXBuildFile; fileRef = 8888B2F21B7551CF00D93A68 /* wink@2x.png */; };
		88F951321B58255E0046D71C /* partly-cloudy-day@2x.png in Resources */ = {isa = PBXBuildFile; fileRef = 88F951311B58255E0046D71C /* partly-cloudy-day@2x.png */; };
		88F951341B5825660046D71C /* partly-cloudy-day@3x.png in Resources */ = {isa = PBXBuildFile; fileRef = 88F951331B5825660046D71C /* partly-cloudy-day@3x.png */; };
		88F9513D1B5825710046D71C /* clear-day@2x.png in Resources */ = {isa = PBXBuildFile; fileRef = 88F951351B5825710046D71C /* clear-day@2x.png */; };
		88F9513E1B5825710046D71C /* clear-day@3x.png in Resources */ = {isa = PBXBuildFile; fileRef = 88F951361B5825710046D71C /* clear-day@3x.png */; };
		88F9513F1B5825710046D71C /* clear-night@2x.png in Resources */ = {isa = PBXBuildFile; fileRef = 88F951371B5825710046D71C /* clear-night@2x.png */; };
		88F951401B5825710046D71C /* clear-night@3x.png in Resources */ = {isa = PBXBuildFile; fileRef = 88F951381B5825710046D71C /* clear-night@3x.png */; };
		88F951411B5825710046D71C /* cloudy@2x.png in Resources */ = {isa = PBXBuildFile; fileRef = 88F951391B5825710046D71C /* cloudy@2x.png */; };
		88F951421B5825710046D71C /* cloudy@3x.png in Resources */ = {isa = PBXBuildFile; fileRef = 88F9513A1B5825710046D71C /* cloudy@3x.png */; };
		88F951431B5825710046D71C /* fog@2x.png in Resources */ = {isa = PBXBuildFile; fileRef = 88F9513B1B5825710046D71C /* fog@2x.png */; };
		88F951441B5825710046D71C /* fog@3x.png in Resources */ = {isa = PBXBuildFile; fileRef = 88F9513C1B5825710046D71C /* fog@3x.png */; };
		88F9514F1B58257C0046D71C /* partly-cloudy-night@2x.png in Resources */ = {isa = PBXBuildFile; fileRef = 88F951451B58257C0046D71C /* partly-cloudy-night@2x.png */; };
		88F951501B58257C0046D71C /* partly-cloudy-night@3x.png in Resources */ = {isa = PBXBuildFile; fileRef = 88F951461B58257C0046D71C /* partly-cloudy-night@3x.png */; };
		88F951511B58257C0046D71C /* rain@2x.png in Resources */ = {isa = PBXBuildFile; fileRef = 88F951471B58257C0046D71C /* rain@2x.png */; };
		88F951521B58257C0046D71C /* rain@3x.png in Resources */ = {isa = PBXBuildFile; fileRef = 88F951481B58257C0046D71C /* rain@3x.png */; };
		88F951531B58257C0046D71C /* sleet@2x.png in Resources */ = {isa = PBXBuildFile; fileRef = 88F951491B58257C0046D71C /* sleet@2x.png */; };
		88F951541B58257C0046D71C /* sleet@3x.png in Resources */ = {isa = PBXBuildFile; fileRef = 88F9514A1B58257C0046D71C /* sleet@3x.png */; };
		88F951551B58257C0046D71C /* snow@2x.png in Resources */ = {isa = PBXBuildFile; fileRef = 88F9514B1B58257C0046D71C /* snow@2x.png */; };
		88F951561B58257C0046D71C /* snow@3x.png in Resources */ = {isa = PBXBuildFile; fileRef = 88F9514C1B58257C0046D71C /* snow@3x.png */; };
		88F951571B58257C0046D71C /* wind@2x.png in Resources */ = {isa = PBXBuildFile; fileRef = 88F9514D1B58257C0046D71C /* wind@2x.png */; };
		88F951581B58257C0046D71C /* wind@3x.png in Resources */ = {isa = PBXBuildFile; fileRef = 88F9514E1B58257C0046D71C /* wind@3x.png */; };
		88F9515F1B5846C00046D71C /* humidity-blue@2x.png in Resources */ = {isa = PBXBuildFile; fileRef = 88F951591B5846C00046D71C /* humidity-blue@2x.png */; };
		88F951601B5846C00046D71C /* humidity-blue@3x.png in Resources */ = {isa = PBXBuildFile; fileRef = 88F9515A1B5846C00046D71C /* humidity-blue@3x.png */; };
		88F951611B5846C00046D71C /* uv-blue@2x.png in Resources */ = {isa = PBXBuildFile; fileRef = 88F9515B1B5846C00046D71C /* uv-blue@2x.png */; };
		88F951621B5846C00046D71C /* uv-blue@3x.png in Resources */ = {isa = PBXBuildFile; fileRef = 88F9515C1B5846C00046D71C /* uv-blue@3x.png */; };
		88F951631B5846C00046D71C /* wind-blue@2x.png in Resources */ = {isa = PBXBuildFile; fileRef = 88F9515D1B5846C00046D71C /* wind-blue@2x.png */; };
		88F951641B5846C00046D71C /* wind-blue@3x.png in Resources */ = {isa = PBXBuildFile; fileRef = 88F9515E1B5846C00046D71C /* wind-blue@3x.png */; };
		88F951661B584DDE0046D71C /* shadow@2x.png in Resources */ = {isa = PBXBuildFile; fileRef = 88F951651B584DDE0046D71C /* shadow@2x.png */; };
		88F9516D1B5EC2340046D71C /* humidity-icon-scorcher@2x.png in Resources */ = {isa = PBXBuildFile; fileRef = 88F951671B5EC2330046D71C /* humidity-icon-scorcher@2x.png */; };
		88F9516E1B5EC2340046D71C /* humidity-icon-scorcher@3x.png in Resources */ = {isa = PBXBuildFile; fileRef = 88F951681B5EC2330046D71C /* humidity-icon-scorcher@3x.png */; };
		88F9516F1B5EC2340046D71C /* uv-icon-scorcher@2x.png in Resources */ = {isa = PBXBuildFile; fileRef = 88F951691B5EC2330046D71C /* uv-icon-scorcher@2x.png */; };
		88F951701B5EC2340046D71C /* uv-icon-scorcher@3x.png in Resources */ = {isa = PBXBuildFile; fileRef = 88F9516A1B5EC2330046D71C /* uv-icon-scorcher@3x.png */; };
		88F951711B5EC2340046D71C /* wind-icon-scorcher@2x.png in Resources */ = {isa = PBXBuildFile; fileRef = 88F9516B1B5EC2330046D71C /* wind-icon-scorcher@2x.png */; };
		88F951721B5EC2340046D71C /* wind-icon-scorcher@3x.png in Resources */ = {isa = PBXBuildFile; fileRef = 88F9516C1B5EC2330046D71C /* wind-icon-scorcher@3x.png */; };
		88F951791B5EC2700046D71C /* humidity-icon-hot@2x.png in Resources */ = {isa = PBXBuildFile; fileRef = 88F951731B5EC2700046D71C /* humidity-icon-hot@2x.png */; };
		88F9517A1B5EC2700046D71C /* humidity-icon-hot@3x.png in Resources */ = {isa = PBXBuildFile; fileRef = 88F951741B5EC2700046D71C /* humidity-icon-hot@3x.png */; };
		88F9517B1B5EC2700046D71C /* uv-icon-hot@2x.png in Resources */ = {isa = PBXBuildFile; fileRef = 88F951751B5EC2700046D71C /* uv-icon-hot@2x.png */; };
		88F9517C1B5EC2700046D71C /* uv-icon-hot@3x.png in Resources */ = {isa = PBXBuildFile; fileRef = 88F951761B5EC2700046D71C /* uv-icon-hot@3x.png */; };
		88F9517D1B5EC2700046D71C /* wind-icon-hot@2x.png in Resources */ = {isa = PBXBuildFile; fileRef = 88F951771B5EC2700046D71C /* wind-icon-hot@2x.png */; };
		88F9517E1B5EC2700046D71C /* wind-icon-hot@3x.png in Resources */ = {isa = PBXBuildFile; fileRef = 88F951781B5EC2700046D71C /* wind-icon-hot@3x.png */; };
		88F951851B5EC2EA0046D71C /* humidity-icon-warm@2x.png in Resources */ = {isa = PBXBuildFile; fileRef = 88F9517F1B5EC2EA0046D71C /* humidity-icon-warm@2x.png */; };
		88F951861B5EC2EA0046D71C /* humidity-icon-warm@3x.png in Resources */ = {isa = PBXBuildFile; fileRef = 88F951801B5EC2EA0046D71C /* humidity-icon-warm@3x.png */; };
		88F951871B5EC2EA0046D71C /* uv-icon-warm@2x.png in Resources */ = {isa = PBXBuildFile; fileRef = 88F951811B5EC2EA0046D71C /* uv-icon-warm@2x.png */; };
		88F951881B5EC2EA0046D71C /* uv-icon-warm@3x.png in Resources */ = {isa = PBXBuildFile; fileRef = 88F951821B5EC2EA0046D71C /* uv-icon-warm@3x.png */; };
		88F951891B5EC2EA0046D71C /* wind-icon-warm@2x.png in Resources */ = {isa = PBXBuildFile; fileRef = 88F951831B5EC2EA0046D71C /* wind-icon-warm@2x.png */; };
		88F9518A1B5EC2EA0046D71C /* wind-icon-warm@3x.png in Resources */ = {isa = PBXBuildFile; fileRef = 88F951841B5EC2EA0046D71C /* wind-icon-warm@3x.png */; };
		88F951911B5EC3360046D71C /* humidity-icon-perfect@2x.png in Resources */ = {isa = PBXBuildFile; fileRef = 88F9518B1B5EC3360046D71C /* humidity-icon-perfect@2x.png */; };
		88F951921B5EC3360046D71C /* humidity-icon-perfect@3x.png in Resources */ = {isa = PBXBuildFile; fileRef = 88F9518C1B5EC3360046D71C /* humidity-icon-perfect@3x.png */; };
		88F951931B5EC3360046D71C /* uv-icon-perfect@2x.png in Resources */ = {isa = PBXBuildFile; fileRef = 88F9518D1B5EC3360046D71C /* uv-icon-perfect@2x.png */; };
		88F951941B5EC3360046D71C /* uv-icon-perfect@3x.png in Resources */ = {isa = PBXBuildFile; fileRef = 88F9518E1B5EC3360046D71C /* uv-icon-perfect@3x.png */; };
		88F951951B5EC3360046D71C /* wind-icon-perfect@2x.png in Resources */ = {isa = PBXBuildFile; fileRef = 88F9518F1B5EC3360046D71C /* wind-icon-perfect@2x.png */; };
		88F951961B5EC3360046D71C /* wind-icon-perfect@3x.png in Resources */ = {isa = PBXBuildFile; fileRef = 88F951901B5EC3360046D71C /* wind-icon-perfect@3x.png */; };
		88F9519D1B5EC3900046D71C /* humidity-icon-nice@2x.png in Resources */ = {isa = PBXBuildFile; fileRef = 88F951971B5EC3900046D71C /* humidity-icon-nice@2x.png */; };
		88F9519E1B5EC3900046D71C /* humidity-icon-nice@3x.png in Resources */ = {isa = PBXBuildFile; fileRef = 88F951981B5EC3900046D71C /* humidity-icon-nice@3x.png */; };
		88F9519F1B5EC3900046D71C /* uv-icon-nice@2x.png in Resources */ = {isa = PBXBuildFile; fileRef = 88F951991B5EC3900046D71C /* uv-icon-nice@2x.png */; };
		88F951A01B5EC3900046D71C /* uv-icon-nice@3x.png in Resources */ = {isa = PBXBuildFile; fileRef = 88F9519A1B5EC3900046D71C /* uv-icon-nice@3x.png */; };
		88F951A11B5EC3900046D71C /* wind-icon-nice@2x.png in Resources */ = {isa = PBXBuildFile; fileRef = 88F9519B1B5EC3900046D71C /* wind-icon-nice@2x.png */; };
		88F951A21B5EC3900046D71C /* wind-icon-nice@3x.png in Resources */ = {isa = PBXBuildFile; fileRef = 88F9519C1B5EC3900046D71C /* wind-icon-nice@3x.png */; };
		88F951A91B5EC3F30046D71C /* humidity-icon-cool@2x.png in Resources */ = {isa = PBXBuildFile; fileRef = 88F951A31B5EC3F30046D71C /* humidity-icon-cool@2x.png */; };
		88F951AA1B5EC3F30046D71C /* humidity-icon-cool@3x.png in Resources */ = {isa = PBXBuildFile; fileRef = 88F951A41B5EC3F30046D71C /* humidity-icon-cool@3x.png */; };
		88F951AB1B5EC3F30046D71C /* uv-icon-cool@2x.png in Resources */ = {isa = PBXBuildFile; fileRef = 88F951A51B5EC3F30046D71C /* uv-icon-cool@2x.png */; };
		88F951AC1B5EC3F30046D71C /* uv-icon-cool@3x.png in Resources */ = {isa = PBXBuildFile; fileRef = 88F951A61B5EC3F30046D71C /* uv-icon-cool@3x.png */; };
		88F951AD1B5EC3F30046D71C /* wind-icon-cool@2x.png in Resources */ = {isa = PBXBuildFile; fileRef = 88F951A71B5EC3F30046D71C /* wind-icon-cool@2x.png */; };
		88F951AE1B5EC3F30046D71C /* wind-icon-cool@3x.png in Resources */ = {isa = PBXBuildFile; fileRef = 88F951A81B5EC3F30046D71C /* wind-icon-cool@3x.png */; };
		88F951B51B5EC4230046D71C /* humidity-icon-chilly@2x.png in Resources */ = {isa = PBXBuildFile; fileRef = 88F951AF1B5EC4230046D71C /* humidity-icon-chilly@2x.png */; };
		88F951B61B5EC4230046D71C /* humidity-icon-chilly@3x.png in Resources */ = {isa = PBXBuildFile; fileRef = 88F951B01B5EC4230046D71C /* humidity-icon-chilly@3x.png */; };
		88F951B71B5EC4230046D71C /* uv-icon-chilly@2x.png in Resources */ = {isa = PBXBuildFile; fileRef = 88F951B11B5EC4230046D71C /* uv-icon-chilly@2x.png */; };
		88F951B81B5EC4230046D71C /* uv-icon-chilly@3x.png in Resources */ = {isa = PBXBuildFile; fileRef = 88F951B21B5EC4230046D71C /* uv-icon-chilly@3x.png */; };
		88F951B91B5EC4230046D71C /* wind-icon-chilly@2x.png in Resources */ = {isa = PBXBuildFile; fileRef = 88F951B31B5EC4230046D71C /* wind-icon-chilly@2x.png */; };
		88F951BA1B5EC4230046D71C /* wind-icon-chilly@3x.png in Resources */ = {isa = PBXBuildFile; fileRef = 88F951B41B5EC4230046D71C /* wind-icon-chilly@3x.png */; };
		88F951C11B5EC4580046D71C /* humidity-icon-cold@2x.png in Resources */ = {isa = PBXBuildFile; fileRef = 88F951BB1B5EC4580046D71C /* humidity-icon-cold@2x.png */; };
		88F951C21B5EC4580046D71C /* humidity-icon-cold@3x.png in Resources */ = {isa = PBXBuildFile; fileRef = 88F951BC1B5EC4580046D71C /* humidity-icon-cold@3x.png */; };
		88F951C31B5EC4580046D71C /* uv-icon-cold@2x.png in Resources */ = {isa = PBXBuildFile; fileRef = 88F951BD1B5EC4580046D71C /* uv-icon-cold@2x.png */; };
		88F951C41B5EC4580046D71C /* uv-icon-cold@3x.png in Resources */ = {isa = PBXBuildFile; fileRef = 88F951BE1B5EC4580046D71C /* uv-icon-cold@3x.png */; };
		88F951C51B5EC4580046D71C /* wind-icon-cold@2x.png in Resources */ = {isa = PBXBuildFile; fileRef = 88F951BF1B5EC4580046D71C /* wind-icon-cold@2x.png */; };
		88F951C61B5EC4580046D71C /* wind-icon-cold@3x.png in Resources */ = {isa = PBXBuildFile; fileRef = 88F951C01B5EC4580046D71C /* wind-icon-cold@3x.png */; };
		88F951CD1B5EC4C00046D71C /* humidity-icon-freezing@2x.png in Resources */ = {isa = PBXBuildFile; fileRef = 88F951C71B5EC4C00046D71C /* humidity-icon-freezing@2x.png */; };
		88F951CE1B5EC4C00046D71C /* humidity-icon-freezing@3x.png in Resources */ = {isa = PBXBuildFile; fileRef = 88F951C81B5EC4C00046D71C /* humidity-icon-freezing@3x.png */; };
		88F951CF1B5EC4C00046D71C /* uv-icon-freezing@2x.png in Resources */ = {isa = PBXBuildFile; fileRef = 88F951C91B5EC4C00046D71C /* uv-icon-freezing@2x.png */; };
		88F951D01B5EC4C00046D71C /* uv-icon-freezing@3x.png in Resources */ = {isa = PBXBuildFile; fileRef = 88F951CA1B5EC4C00046D71C /* uv-icon-freezing@3x.png */; };
		88F951D11B5EC4C00046D71C /* wind-icon-freezing@2x.png in Resources */ = {isa = PBXBuildFile; fileRef = 88F951CB1B5EC4C00046D71C /* wind-icon-freezing@2x.png */; };
		88F951D21B5EC4C00046D71C /* wind-icon-freezing@3x.png in Resources */ = {isa = PBXBuildFile; fileRef = 88F951CC1B5EC4C00046D71C /* wind-icon-freezing@3x.png */; };
		88F951D91B5EC4E60046D71C /* humidity-icon-bitterlycold@2x.png in Resources */ = {isa = PBXBuildFile; fileRef = 88F951D31B5EC4E60046D71C /* humidity-icon-bitterlycold@2x.png */; };
		88F951DA1B5EC4E60046D71C /* humidity-icon-bitterlycold@3x.png in Resources */ = {isa = PBXBuildFile; fileRef = 88F951D41B5EC4E60046D71C /* humidity-icon-bitterlycold@3x.png */; };
		88F951DB1B5EC4E60046D71C /* uv-icon-bitterlycold@2x.png in Resources */ = {isa = PBXBuildFile; fileRef = 88F951D51B5EC4E60046D71C /* uv-icon-bitterlycold@2x.png */; };
		88F951DC1B5EC4E60046D71C /* uv-icon-bitterlycold@3x.png in Resources */ = {isa = PBXBuildFile; fileRef = 88F951D61B5EC4E60046D71C /* uv-icon-bitterlycold@3x.png */; };
		88F951DD1B5EC4E60046D71C /* wind-icon-bitterlycold@2x.png in Resources */ = {isa = PBXBuildFile; fileRef = 88F951D71B5EC4E60046D71C /* wind-icon-bitterlycold@2x.png */; };
		88F951DE1B5EC4E60046D71C /* wind-icon-bitterlycold@3x.png in Resources */ = {isa = PBXBuildFile; fileRef = 88F951D81B5EC4E60046D71C /* wind-icon-bitterlycold@3x.png */; };
		88F951E51B5EC50F0046D71C /* humidity-icon-subzero@2x.png in Resources */ = {isa = PBXBuildFile; fileRef = 88F951DF1B5EC50F0046D71C /* humidity-icon-subzero@2x.png */; };
		88F951E61B5EC50F0046D71C /* humidity-icon-subzero@3x.png in Resources */ = {isa = PBXBuildFile; fileRef = 88F951E01B5EC50F0046D71C /* humidity-icon-subzero@3x.png */; };
		88F951E71B5EC50F0046D71C /* uv-icon-subzero@2x.png in Resources */ = {isa = PBXBuildFile; fileRef = 88F951E11B5EC50F0046D71C /* uv-icon-subzero@2x.png */; };
		88F951E81B5EC50F0046D71C /* uv-icon-subzero@3x.png in Resources */ = {isa = PBXBuildFile; fileRef = 88F951E21B5EC50F0046D71C /* uv-icon-subzero@3x.png */; };
		88F951E91B5EC50F0046D71C /* wind-icon-subzero@2x.png in Resources */ = {isa = PBXBuildFile; fileRef = 88F951E31B5EC50F0046D71C /* wind-icon-subzero@2x.png */; };
		88F951EA1B5EC50F0046D71C /* wind-icon-subzero@3x.png in Resources */ = {isa = PBXBuildFile; fileRef = 88F951E41B5EC50F0046D71C /* wind-icon-subzero@3x.png */; };
		88F951EC1B68399E0046D71C /* UILabelNonClipping.swift in Sources */ = {isa = PBXBuildFile; fileRef = 88F951EB1B68399D0046D71C /* UILabelNonClipping.swift */; };
/* End PBXBuildFile section */

/* Begin PBXContainerItemProxy section */
		887689071B55C539000F6275 /* PBXContainerItemProxy */ = {
			isa = PBXContainerItemProxy;
			containerPortal = 887688E91B55C538000F6275 /* Project object */;
			proxyType = 1;
			remoteGlobalIDString = 887688F01B55C538000F6275;
			remoteInfo = WeatherFeel;
		};
/* End PBXContainerItemProxy section */

/* Begin PBXFileReference section */
		883E71C41B743D650073E6FB /* weathersbee-title@2x.png */ = {isa = PBXFileReference; lastKnownFileType = image.png; path = "weathersbee-title@2x.png"; sourceTree = "<group>"; };
		883E71C51B743D650073E6FB /* weathersbee-title@3x.png */ = {isa = PBXFileReference; lastKnownFileType = image.png; path = "weathersbee-title@3x.png"; sourceTree = "<group>"; };
		887688F11B55C538000F6275 /* WeatherFeel.app */ = {isa = PBXFileReference; explicitFileType = wrapper.application; includeInIndex = 0; path = WeatherFeel.app; sourceTree = BUILT_PRODUCTS_DIR; };
		887688F51B55C538000F6275 /* Info.plist */ = {isa = PBXFileReference; lastKnownFileType = text.plist.xml; path = Info.plist; sourceTree = "<group>"; };
		887688F61B55C538000F6275 /* AppDelegate.swift */ = {isa = PBXFileReference; lastKnownFileType = sourcecode.swift; path = AppDelegate.swift; sourceTree = "<group>"; };
		887688F81B55C538000F6275 /* ViewController.swift */ = {isa = PBXFileReference; lastKnownFileType = sourcecode.swift; path = ViewController.swift; sourceTree = "<group>"; };
		887688FB1B55C538000F6275 /* Base */ = {isa = PBXFileReference; lastKnownFileType = file.storyboard; name = Base; path = Base.lproj/Main.storyboard; sourceTree = "<group>"; };
		887688FD1B55C538000F6275 /* Images.xcassets */ = {isa = PBXFileReference; lastKnownFileType = folder.assetcatalog; path = Images.xcassets; sourceTree = "<group>"; };
		887689001B55C539000F6275 /* Base */ = {isa = PBXFileReference; lastKnownFileType = file.xib; name = Base; path = Base.lproj/LaunchScreen.xib; sourceTree = "<group>"; };
		887689061B55C539000F6275 /* WeatherFeelTests.xctest */ = {isa = PBXFileReference; explicitFileType = wrapper.cfbundle; includeInIndex = 0; path = WeatherFeelTests.xctest; sourceTree = BUILT_PRODUCTS_DIR; };
		8876890B1B55C539000F6275 /* Info.plist */ = {isa = PBXFileReference; lastKnownFileType = text.plist.xml; path = Info.plist; sourceTree = "<group>"; };
		8876890C1B55C539000F6275 /* WeatherFeelTests.swift */ = {isa = PBXFileReference; lastKnownFileType = sourcecode.swift; path = WeatherFeelTests.swift; sourceTree = "<group>"; };
		887689161B55C6FA000F6275 /* PlayfairDisplay-Italic.ttf */ = {isa = PBXFileReference; lastKnownFileType = file; path = "PlayfairDisplay-Italic.ttf"; sourceTree = "<group>"; };
		887689181B55C841000F6275 /* CircularStd-Book.otf */ = {isa = PBXFileReference; lastKnownFileType = file; path = "CircularStd-Book.otf"; sourceTree = "<group>"; };
		887689191B55C841000F6275 /* CircularStd-Medium.otf */ = {isa = PBXFileReference; lastKnownFileType = file; path = "CircularStd-Medium.otf"; sourceTree = "<group>"; };
		8876891E1B55CA5B000F6275 /* CircularStd-Bold.otf */ = {isa = PBXFileReference; lastKnownFileType = file; path = "CircularStd-Bold.otf"; sourceTree = "<group>"; };
		887689201B55D2B9000F6275 /* ApiKeys.plist */ = {isa = PBXFileReference; fileEncoding = 4; lastKnownFileType = text.plist.xml; path = ApiKeys.plist; sourceTree = "<group>"; };
		887689221B55D2EF000F6275 /* ApiKeys.swift */ = {isa = PBXFileReference; fileEncoding = 4; lastKnownFileType = sourcecode.swift; path = ApiKeys.swift; sourceTree = "<group>"; };
		887689241B56C031000F6275 /* UIColorExtensions.swift */ = {isa = PBXFileReference; fileEncoding = 4; lastKnownFileType = sourcecode.swift; path = UIColorExtensions.swift; sourceTree = "<group>"; };
		887689261B56F3F5000F6275 /* StringExtensions.swift */ = {isa = PBXFileReference; fileEncoding = 4; lastKnownFileType = sourcecode.swift; path = StringExtensions.swift; sourceTree = "<group>"; };
		8888B2F11B7551CF00D93A68 /* launch@2x.png */ = {isa = PBXFileReference; lastKnownFileType = image.png; path = "launch@2x.png"; sourceTree = "<group>"; };
		8888B2F21B7551CF00D93A68 /* wink@2x.png */ = {isa = PBXFileReference; lastKnownFileType = image.png; path = "wink@2x.png"; sourceTree = "<group>"; };
		88F951311B58255E0046D71C /* partly-cloudy-day@2x.png */ = {isa = PBXFileReference; lastKnownFileType = image.png; path = "partly-cloudy-day@2x.png"; sourceTree = "<group>"; };
		88F951331B5825660046D71C /* partly-cloudy-day@3x.png */ = {isa = PBXFileReference; lastKnownFileType = image.png; path = "partly-cloudy-day@3x.png"; sourceTree = "<group>"; };
		88F951351B5825710046D71C /* clear-day@2x.png */ = {isa = PBXFileReference; lastKnownFileType = image.png; path = "clear-day@2x.png"; sourceTree = "<group>"; };
		88F951361B5825710046D71C /* clear-day@3x.png */ = {isa = PBXFileReference; lastKnownFileType = image.png; path = "clear-day@3x.png"; sourceTree = "<group>"; };
		88F951371B5825710046D71C /* clear-night@2x.png */ = {isa = PBXFileReference; lastKnownFileType = image.png; path = "clear-night@2x.png"; sourceTree = "<group>"; };
		88F951381B5825710046D71C /* clear-night@3x.png */ = {isa = PBXFileReference; lastKnownFileType = image.png; path = "clear-night@3x.png"; sourceTree = "<group>"; };
		88F951391B5825710046D71C /* cloudy@2x.png */ = {isa = PBXFileReference; lastKnownFileType = image.png; path = "cloudy@2x.png"; sourceTree = "<group>"; };
		88F9513A1B5825710046D71C /* cloudy@3x.png */ = {isa = PBXFileReference; lastKnownFileType = image.png; path = "cloudy@3x.png"; sourceTree = "<group>"; };
		88F9513B1B5825710046D71C /* fog@2x.png */ = {isa = PBXFileReference; lastKnownFileType = image.png; path = "fog@2x.png"; sourceTree = "<group>"; };
		88F9513C1B5825710046D71C /* fog@3x.png */ = {isa = PBXFileReference; lastKnownFileType = image.png; path = "fog@3x.png"; sourceTree = "<group>"; };
		88F951451B58257C0046D71C /* partly-cloudy-night@2x.png */ = {isa = PBXFileReference; lastKnownFileType = image.png; path = "partly-cloudy-night@2x.png"; sourceTree = "<group>"; };
		88F951461B58257C0046D71C /* partly-cloudy-night@3x.png */ = {isa = PBXFileReference; lastKnownFileType = image.png; path = "partly-cloudy-night@3x.png"; sourceTree = "<group>"; };
		88F951471B58257C0046D71C /* rain@2x.png */ = {isa = PBXFileReference; lastKnownFileType = image.png; path = "rain@2x.png"; sourceTree = "<group>"; };
		88F951481B58257C0046D71C /* rain@3x.png */ = {isa = PBXFileReference; lastKnownFileType = image.png; path = "rain@3x.png"; sourceTree = "<group>"; };
		88F951491B58257C0046D71C /* sleet@2x.png */ = {isa = PBXFileReference; lastKnownFileType = image.png; path = "sleet@2x.png"; sourceTree = "<group>"; };
		88F9514A1B58257C0046D71C /* sleet@3x.png */ = {isa = PBXFileReference; lastKnownFileType = image.png; path = "sleet@3x.png"; sourceTree = "<group>"; };
		88F9514B1B58257C0046D71C /* snow@2x.png */ = {isa = PBXFileReference; lastKnownFileType = image.png; path = "snow@2x.png"; sourceTree = "<group>"; };
		88F9514C1B58257C0046D71C /* snow@3x.png */ = {isa = PBXFileReference; lastKnownFileType = image.png; path = "snow@3x.png"; sourceTree = "<group>"; };
		88F9514D1B58257C0046D71C /* wind@2x.png */ = {isa = PBXFileReference; lastKnownFileType = image.png; path = "wind@2x.png"; sourceTree = "<group>"; };
		88F9514E1B58257C0046D71C /* wind@3x.png */ = {isa = PBXFileReference; lastKnownFileType = image.png; path = "wind@3x.png"; sourceTree = "<group>"; };
		88F951591B5846C00046D71C /* humidity-blue@2x.png */ = {isa = PBXFileReference; lastKnownFileType = image.png; path = "humidity-blue@2x.png"; sourceTree = "<group>"; };
		88F9515A1B5846C00046D71C /* humidity-blue@3x.png */ = {isa = PBXFileReference; lastKnownFileType = image.png; path = "humidity-blue@3x.png"; sourceTree = "<group>"; };
		88F9515B1B5846C00046D71C /* uv-blue@2x.png */ = {isa = PBXFileReference; lastKnownFileType = image.png; path = "uv-blue@2x.png"; sourceTree = "<group>"; };
		88F9515C1B5846C00046D71C /* uv-blue@3x.png */ = {isa = PBXFileReference; lastKnownFileType = image.png; path = "uv-blue@3x.png"; sourceTree = "<group>"; };
		88F9515D1B5846C00046D71C /* wind-blue@2x.png */ = {isa = PBXFileReference; lastKnownFileType = image.png; path = "wind-blue@2x.png"; sourceTree = "<group>"; };
		88F9515E1B5846C00046D71C /* wind-blue@3x.png */ = {isa = PBXFileReference; lastKnownFileType = image.png; path = "wind-blue@3x.png"; sourceTree = "<group>"; };
		88F951651B584DDE0046D71C /* shadow@2x.png */ = {isa = PBXFileReference; lastKnownFileType = image.png; path = "shadow@2x.png"; sourceTree = "<group>"; };
		88F951671B5EC2330046D71C /* humidity-icon-scorcher@2x.png */ = {isa = PBXFileReference; lastKnownFileType = image.png; path = "humidity-icon-scorcher@2x.png"; sourceTree = "<group>"; };
		88F951681B5EC2330046D71C /* humidity-icon-scorcher@3x.png */ = {isa = PBXFileReference; lastKnownFileType = image.png; path = "humidity-icon-scorcher@3x.png"; sourceTree = "<group>"; };
		88F951691B5EC2330046D71C /* uv-icon-scorcher@2x.png */ = {isa = PBXFileReference; lastKnownFileType = image.png; path = "uv-icon-scorcher@2x.png"; sourceTree = "<group>"; };
		88F9516A1B5EC2330046D71C /* uv-icon-scorcher@3x.png */ = {isa = PBXFileReference; lastKnownFileType = image.png; path = "uv-icon-scorcher@3x.png"; sourceTree = "<group>"; };
		88F9516B1B5EC2330046D71C /* wind-icon-scorcher@2x.png */ = {isa = PBXFileReference; lastKnownFileType = image.png; path = "wind-icon-scorcher@2x.png"; sourceTree = "<group>"; };
		88F9516C1B5EC2330046D71C /* wind-icon-scorcher@3x.png */ = {isa = PBXFileReference; lastKnownFileType = image.png; path = "wind-icon-scorcher@3x.png"; sourceTree = "<group>"; };
		88F951731B5EC2700046D71C /* humidity-icon-hot@2x.png */ = {isa = PBXFileReference; lastKnownFileType = image.png; path = "humidity-icon-hot@2x.png"; sourceTree = "<group>"; };
		88F951741B5EC2700046D71C /* humidity-icon-hot@3x.png */ = {isa = PBXFileReference; lastKnownFileType = image.png; path = "humidity-icon-hot@3x.png"; sourceTree = "<group>"; };
		88F951751B5EC2700046D71C /* uv-icon-hot@2x.png */ = {isa = PBXFileReference; lastKnownFileType = image.png; path = "uv-icon-hot@2x.png"; sourceTree = "<group>"; };
		88F951761B5EC2700046D71C /* uv-icon-hot@3x.png */ = {isa = PBXFileReference; lastKnownFileType = image.png; path = "uv-icon-hot@3x.png"; sourceTree = "<group>"; };
		88F951771B5EC2700046D71C /* wind-icon-hot@2x.png */ = {isa = PBXFileReference; lastKnownFileType = image.png; path = "wind-icon-hot@2x.png"; sourceTree = "<group>"; };
		88F951781B5EC2700046D71C /* wind-icon-hot@3x.png */ = {isa = PBXFileReference; lastKnownFileType = image.png; path = "wind-icon-hot@3x.png"; sourceTree = "<group>"; };
		88F9517F1B5EC2EA0046D71C /* humidity-icon-warm@2x.png */ = {isa = PBXFileReference; lastKnownFileType = image.png; path = "humidity-icon-warm@2x.png"; sourceTree = "<group>"; };
		88F951801B5EC2EA0046D71C /* humidity-icon-warm@3x.png */ = {isa = PBXFileReference; lastKnownFileType = image.png; path = "humidity-icon-warm@3x.png"; sourceTree = "<group>"; };
		88F951811B5EC2EA0046D71C /* uv-icon-warm@2x.png */ = {isa = PBXFileReference; lastKnownFileType = image.png; path = "uv-icon-warm@2x.png"; sourceTree = "<group>"; };
		88F951821B5EC2EA0046D71C /* uv-icon-warm@3x.png */ = {isa = PBXFileReference; lastKnownFileType = image.png; path = "uv-icon-warm@3x.png"; sourceTree = "<group>"; };
		88F951831B5EC2EA0046D71C /* wind-icon-warm@2x.png */ = {isa = PBXFileReference; lastKnownFileType = image.png; path = "wind-icon-warm@2x.png"; sourceTree = "<group>"; };
		88F951841B5EC2EA0046D71C /* wind-icon-warm@3x.png */ = {isa = PBXFileReference; lastKnownFileType = image.png; path = "wind-icon-warm@3x.png"; sourceTree = "<group>"; };
		88F9518B1B5EC3360046D71C /* humidity-icon-perfect@2x.png */ = {isa = PBXFileReference; lastKnownFileType = image.png; path = "humidity-icon-perfect@2x.png"; sourceTree = "<group>"; };
		88F9518C1B5EC3360046D71C /* humidity-icon-perfect@3x.png */ = {isa = PBXFileReference; lastKnownFileType = image.png; path = "humidity-icon-perfect@3x.png"; sourceTree = "<group>"; };
		88F9518D1B5EC3360046D71C /* uv-icon-perfect@2x.png */ = {isa = PBXFileReference; lastKnownFileType = image.png; path = "uv-icon-perfect@2x.png"; sourceTree = "<group>"; };
		88F9518E1B5EC3360046D71C /* uv-icon-perfect@3x.png */ = {isa = PBXFileReference; lastKnownFileType = image.png; path = "uv-icon-perfect@3x.png"; sourceTree = "<group>"; };
		88F9518F1B5EC3360046D71C /* wind-icon-perfect@2x.png */ = {isa = PBXFileReference; lastKnownFileType = image.png; path = "wind-icon-perfect@2x.png"; sourceTree = "<group>"; };
		88F951901B5EC3360046D71C /* wind-icon-perfect@3x.png */ = {isa = PBXFileReference; lastKnownFileType = image.png; path = "wind-icon-perfect@3x.png"; sourceTree = "<group>"; };
		88F951971B5EC3900046D71C /* humidity-icon-nice@2x.png */ = {isa = PBXFileReference; lastKnownFileType = image.png; path = "humidity-icon-nice@2x.png"; sourceTree = "<group>"; };
		88F951981B5EC3900046D71C /* humidity-icon-nice@3x.png */ = {isa = PBXFileReference; lastKnownFileType = image.png; path = "humidity-icon-nice@3x.png"; sourceTree = "<group>"; };
		88F951991B5EC3900046D71C /* uv-icon-nice@2x.png */ = {isa = PBXFileReference; lastKnownFileType = image.png; path = "uv-icon-nice@2x.png"; sourceTree = "<group>"; };
		88F9519A1B5EC3900046D71C /* uv-icon-nice@3x.png */ = {isa = PBXFileReference; lastKnownFileType = image.png; path = "uv-icon-nice@3x.png"; sourceTree = "<group>"; };
		88F9519B1B5EC3900046D71C /* wind-icon-nice@2x.png */ = {isa = PBXFileReference; lastKnownFileType = image.png; path = "wind-icon-nice@2x.png"; sourceTree = "<group>"; };
		88F9519C1B5EC3900046D71C /* wind-icon-nice@3x.png */ = {isa = PBXFileReference; lastKnownFileType = image.png; path = "wind-icon-nice@3x.png"; sourceTree = "<group>"; };
		88F951A31B5EC3F30046D71C /* humidity-icon-cool@2x.png */ = {isa = PBXFileReference; lastKnownFileType = image.png; path = "humidity-icon-cool@2x.png"; sourceTree = "<group>"; };
		88F951A41B5EC3F30046D71C /* humidity-icon-cool@3x.png */ = {isa = PBXFileReference; lastKnownFileType = image.png; path = "humidity-icon-cool@3x.png"; sourceTree = "<group>"; };
		88F951A51B5EC3F30046D71C /* uv-icon-cool@2x.png */ = {isa = PBXFileReference; lastKnownFileType = image.png; path = "uv-icon-cool@2x.png"; sourceTree = "<group>"; };
		88F951A61B5EC3F30046D71C /* uv-icon-cool@3x.png */ = {isa = PBXFileReference; lastKnownFileType = image.png; path = "uv-icon-cool@3x.png"; sourceTree = "<group>"; };
		88F951A71B5EC3F30046D71C /* wind-icon-cool@2x.png */ = {isa = PBXFileReference; lastKnownFileType = image.png; path = "wind-icon-cool@2x.png"; sourceTree = "<group>"; };
		88F951A81B5EC3F30046D71C /* wind-icon-cool@3x.png */ = {isa = PBXFileReference; lastKnownFileType = image.png; path = "wind-icon-cool@3x.png"; sourceTree = "<group>"; };
		88F951AF1B5EC4230046D71C /* humidity-icon-chilly@2x.png */ = {isa = PBXFileReference; lastKnownFileType = image.png; path = "humidity-icon-chilly@2x.png"; sourceTree = "<group>"; };
		88F951B01B5EC4230046D71C /* humidity-icon-chilly@3x.png */ = {isa = PBXFileReference; lastKnownFileType = image.png; path = "humidity-icon-chilly@3x.png"; sourceTree = "<group>"; };
		88F951B11B5EC4230046D71C /* uv-icon-chilly@2x.png */ = {isa = PBXFileReference; lastKnownFileType = image.png; path = "uv-icon-chilly@2x.png"; sourceTree = "<group>"; };
		88F951B21B5EC4230046D71C /* uv-icon-chilly@3x.png */ = {isa = PBXFileReference; lastKnownFileType = image.png; path = "uv-icon-chilly@3x.png"; sourceTree = "<group>"; };
		88F951B31B5EC4230046D71C /* wind-icon-chilly@2x.png */ = {isa = PBXFileReference; lastKnownFileType = image.png; path = "wind-icon-chilly@2x.png"; sourceTree = "<group>"; };
		88F951B41B5EC4230046D71C /* wind-icon-chilly@3x.png */ = {isa = PBXFileReference; lastKnownFileType = image.png; path = "wind-icon-chilly@3x.png"; sourceTree = "<group>"; };
		88F951BB1B5EC4580046D71C /* humidity-icon-cold@2x.png */ = {isa = PBXFileReference; lastKnownFileType = image.png; path = "humidity-icon-cold@2x.png"; sourceTree = "<group>"; };
		88F951BC1B5EC4580046D71C /* humidity-icon-cold@3x.png */ = {isa = PBXFileReference; lastKnownFileType = image.png; path = "humidity-icon-cold@3x.png"; sourceTree = "<group>"; };
		88F951BD1B5EC4580046D71C /* uv-icon-cold@2x.png */ = {isa = PBXFileReference; lastKnownFileType = image.png; path = "uv-icon-cold@2x.png"; sourceTree = "<group>"; };
		88F951BE1B5EC4580046D71C /* uv-icon-cold@3x.png */ = {isa = PBXFileReference; lastKnownFileType = image.png; path = "uv-icon-cold@3x.png"; sourceTree = "<group>"; };
		88F951BF1B5EC4580046D71C /* wind-icon-cold@2x.png */ = {isa = PBXFileReference; lastKnownFileType = image.png; path = "wind-icon-cold@2x.png"; sourceTree = "<group>"; };
		88F951C01B5EC4580046D71C /* wind-icon-cold@3x.png */ = {isa = PBXFileReference; lastKnownFileType = image.png; path = "wind-icon-cold@3x.png"; sourceTree = "<group>"; };
		88F951C71B5EC4C00046D71C /* humidity-icon-freezing@2x.png */ = {isa = PBXFileReference; lastKnownFileType = image.png; path = "humidity-icon-freezing@2x.png"; sourceTree = "<group>"; };
		88F951C81B5EC4C00046D71C /* humidity-icon-freezing@3x.png */ = {isa = PBXFileReference; lastKnownFileType = image.png; path = "humidity-icon-freezing@3x.png"; sourceTree = "<group>"; };
		88F951C91B5EC4C00046D71C /* uv-icon-freezing@2x.png */ = {isa = PBXFileReference; lastKnownFileType = image.png; path = "uv-icon-freezing@2x.png"; sourceTree = "<group>"; };
		88F951CA1B5EC4C00046D71C /* uv-icon-freezing@3x.png */ = {isa = PBXFileReference; lastKnownFileType = image.png; path = "uv-icon-freezing@3x.png"; sourceTree = "<group>"; };
		88F951CB1B5EC4C00046D71C /* wind-icon-freezing@2x.png */ = {isa = PBXFileReference; lastKnownFileType = image.png; path = "wind-icon-freezing@2x.png"; sourceTree = "<group>"; };
		88F951CC1B5EC4C00046D71C /* wind-icon-freezing@3x.png */ = {isa = PBXFileReference; lastKnownFileType = image.png; path = "wind-icon-freezing@3x.png"; sourceTree = "<group>"; };
		88F951D31B5EC4E60046D71C /* humidity-icon-bitterlycold@2x.png */ = {isa = PBXFileReference; lastKnownFileType = image.png; path = "humidity-icon-bitterlycold@2x.png"; sourceTree = "<group>"; };
		88F951D41B5EC4E60046D71C /* humidity-icon-bitterlycold@3x.png */ = {isa = PBXFileReference; lastKnownFileType = image.png; path = "humidity-icon-bitterlycold@3x.png"; sourceTree = "<group>"; };
		88F951D51B5EC4E60046D71C /* uv-icon-bitterlycold@2x.png */ = {isa = PBXFileReference; lastKnownFileType = image.png; path = "uv-icon-bitterlycold@2x.png"; sourceTree = "<group>"; };
		88F951D61B5EC4E60046D71C /* uv-icon-bitterlycold@3x.png */ = {isa = PBXFileReference; lastKnownFileType = image.png; path = "uv-icon-bitterlycold@3x.png"; sourceTree = "<group>"; };
		88F951D71B5EC4E60046D71C /* wind-icon-bitterlycold@2x.png */ = {isa = PBXFileReference; lastKnownFileType = image.png; path = "wind-icon-bitterlycold@2x.png"; sourceTree = "<group>"; };
		88F951D81B5EC4E60046D71C /* wind-icon-bitterlycold@3x.png */ = {isa = PBXFileReference; lastKnownFileType = image.png; path = "wind-icon-bitterlycold@3x.png"; sourceTree = "<group>"; };
		88F951DF1B5EC50F0046D71C /* humidity-icon-subzero@2x.png */ = {isa = PBXFileReference; lastKnownFileType = image.png; path = "humidity-icon-subzero@2x.png"; sourceTree = "<group>"; };
		88F951E01B5EC50F0046D71C /* humidity-icon-subzero@3x.png */ = {isa = PBXFileReference; lastKnownFileType = image.png; path = "humidity-icon-subzero@3x.png"; sourceTree = "<group>"; };
		88F951E11B5EC50F0046D71C /* uv-icon-subzero@2x.png */ = {isa = PBXFileReference; lastKnownFileType = image.png; path = "uv-icon-subzero@2x.png"; sourceTree = "<group>"; };
		88F951E21B5EC50F0046D71C /* uv-icon-subzero@3x.png */ = {isa = PBXFileReference; lastKnownFileType = image.png; path = "uv-icon-subzero@3x.png"; sourceTree = "<group>"; };
		88F951E31B5EC50F0046D71C /* wind-icon-subzero@2x.png */ = {isa = PBXFileReference; lastKnownFileType = image.png; path = "wind-icon-subzero@2x.png"; sourceTree = "<group>"; };
		88F951E41B5EC50F0046D71C /* wind-icon-subzero@3x.png */ = {isa = PBXFileReference; lastKnownFileType = image.png; path = "wind-icon-subzero@3x.png"; sourceTree = "<group>"; };
		88F951EB1B68399D0046D71C /* UILabelNonClipping.swift */ = {isa = PBXFileReference; fileEncoding = 4; lastKnownFileType = sourcecode.swift; path = UILabelNonClipping.swift; sourceTree = "<group>"; };
/* End PBXFileReference section */

/* Begin PBXFrameworksBuildPhase section */
		887688EE1B55C538000F6275 /* Frameworks */ = {
			isa = PBXFrameworksBuildPhase;
			buildActionMask = 2147483647;
			files = (
			);
			runOnlyForDeploymentPostprocessing = 0;
		};
		887689031B55C539000F6275 /* Frameworks */ = {
			isa = PBXFrameworksBuildPhase;
			buildActionMask = 2147483647;
			files = (
			);
			runOnlyForDeploymentPostprocessing = 0;
		};
/* End PBXFrameworksBuildPhase section */

/* Begin PBXGroup section */
		887688E81B55C538000F6275 = {
			isa = PBXGroup;
			children = (
				887688F31B55C538000F6275 /* WeatherFeel */,
				887689091B55C539000F6275 /* WeatherFeelTests */,
				887688F21B55C538000F6275 /* Products */,
			);
			sourceTree = "<group>";
		};
		887688F21B55C538000F6275 /* Products */ = {
			isa = PBXGroup;
			children = (
				887688F11B55C538000F6275 /* WeatherFeel.app */,
				887689061B55C539000F6275 /* WeatherFeelTests.xctest */,
			);
			name = Products;
			sourceTree = "<group>";
		};
		887688F31B55C538000F6275 /* WeatherFeel */ = {
			isa = PBXGroup;
			children = (
				887688F61B55C538000F6275 /* AppDelegate.swift */,
				887688F81B55C538000F6275 /* ViewController.swift */,
				88F951EB1B68399D0046D71C /* UILabelNonClipping.swift */,
				887688FA1B55C538000F6275 /* Main.storyboard */,
				887689261B56F3F5000F6275 /* StringExtensions.swift */,
				887689241B56C031000F6275 /* UIColorExtensions.swift */,
				887689161B55C6FA000F6275 /* PlayfairDisplay-Italic.ttf */,
				887689181B55C841000F6275 /* CircularStd-Book.otf */,
				8876891E1B55CA5B000F6275 /* CircularStd-Bold.otf */,
				887689191B55C841000F6275 /* CircularStd-Medium.otf */,
				8888B2F11B7551CF00D93A68 /* launch@2x.png */,
				8888B2F21B7551CF00D93A68 /* wink@2x.png */,
				883E71C41B743D650073E6FB /* weathersbee-title@2x.png */,
				883E71C51B743D650073E6FB /* weathersbee-title@3x.png */,
				88F951311B58255E0046D71C /* partly-cloudy-day@2x.png */,
				88F951331B5825660046D71C /* partly-cloudy-day@3x.png */,
				88F951351B5825710046D71C /* clear-day@2x.png */,
				88F951361B5825710046D71C /* clear-day@3x.png */,
				88F951371B5825710046D71C /* clear-night@2x.png */,
				88F951381B5825710046D71C /* clear-night@3x.png */,
				88F951391B5825710046D71C /* cloudy@2x.png */,
				88F951451B58257C0046D71C /* partly-cloudy-night@2x.png */,
				88F951461B58257C0046D71C /* partly-cloudy-night@3x.png */,
				88F951471B58257C0046D71C /* rain@2x.png */,
				88F951481B58257C0046D71C /* rain@3x.png */,
				88F951491B58257C0046D71C /* sleet@2x.png */,
				88F9514A1B58257C0046D71C /* sleet@3x.png */,
				88F9514B1B58257C0046D71C /* snow@2x.png */,
				88F9514C1B58257C0046D71C /* snow@3x.png */,
				88F9514D1B58257C0046D71C /* wind@2x.png */,
				88F9514E1B58257C0046D71C /* wind@3x.png */,
				88F9513A1B5825710046D71C /* cloudy@3x.png */,
				88F9513B1B5825710046D71C /* fog@2x.png */,
				88F9513C1B5825710046D71C /* fog@3x.png */,
				88F951671B5EC2330046D71C /* humidity-icon-scorcher@2x.png */,
				88F951681B5EC2330046D71C /* humidity-icon-scorcher@3x.png */,
				88F951691B5EC2330046D71C /* uv-icon-scorcher@2x.png */,
				88F9516A1B5EC2330046D71C /* uv-icon-scorcher@3x.png */,
				88F9516B1B5EC2330046D71C /* wind-icon-scorcher@2x.png */,
				88F9516C1B5EC2330046D71C /* wind-icon-scorcher@3x.png */,
				88F951731B5EC2700046D71C /* humidity-icon-hot@2x.png */,
				88F951741B5EC2700046D71C /* humidity-icon-hot@3x.png */,
				88F951751B5EC2700046D71C /* uv-icon-hot@2x.png */,
				88F951761B5EC2700046D71C /* uv-icon-hot@3x.png */,
				88F951771B5EC2700046D71C /* wind-icon-hot@2x.png */,
				88F951781B5EC2700046D71C /* wind-icon-hot@3x.png */,
				88F9517F1B5EC2EA0046D71C /* humidity-icon-warm@2x.png */,
				88F951801B5EC2EA0046D71C /* humidity-icon-warm@3x.png */,
				88F951811B5EC2EA0046D71C /* uv-icon-warm@2x.png */,
				88F951821B5EC2EA0046D71C /* uv-icon-warm@3x.png */,
				88F951831B5EC2EA0046D71C /* wind-icon-warm@2x.png */,
				88F951841B5EC2EA0046D71C /* wind-icon-warm@3x.png */,
				88F9518B1B5EC3360046D71C /* humidity-icon-perfect@2x.png */,
				88F9518C1B5EC3360046D71C /* humidity-icon-perfect@3x.png */,
				88F9518D1B5EC3360046D71C /* uv-icon-perfect@2x.png */,
				88F9518E1B5EC3360046D71C /* uv-icon-perfect@3x.png */,
				88F9518F1B5EC3360046D71C /* wind-icon-perfect@2x.png */,
				88F951901B5EC3360046D71C /* wind-icon-perfect@3x.png */,
				88F951971B5EC3900046D71C /* humidity-icon-nice@2x.png */,
				88F951981B5EC3900046D71C /* humidity-icon-nice@3x.png */,
				88F951991B5EC3900046D71C /* uv-icon-nice@2x.png */,
				88F9519A1B5EC3900046D71C /* uv-icon-nice@3x.png */,
				88F9519B1B5EC3900046D71C /* wind-icon-nice@2x.png */,
				88F9519C1B5EC3900046D71C /* wind-icon-nice@3x.png */,
				88F951A31B5EC3F30046D71C /* humidity-icon-cool@2x.png */,
				88F951A41B5EC3F30046D71C /* humidity-icon-cool@3x.png */,
				88F951A51B5EC3F30046D71C /* uv-icon-cool@2x.png */,
				88F951A61B5EC3F30046D71C /* uv-icon-cool@3x.png */,
				88F951A71B5EC3F30046D71C /* wind-icon-cool@2x.png */,
				88F951A81B5EC3F30046D71C /* wind-icon-cool@3x.png */,
				88F951AF1B5EC4230046D71C /* humidity-icon-chilly@2x.png */,
				88F951B01B5EC4230046D71C /* humidity-icon-chilly@3x.png */,
				88F951B11B5EC4230046D71C /* uv-icon-chilly@2x.png */,
				88F951B21B5EC4230046D71C /* uv-icon-chilly@3x.png */,
				88F951B31B5EC4230046D71C /* wind-icon-chilly@2x.png */,
				88F951B41B5EC4230046D71C /* wind-icon-chilly@3x.png */,
				88F951BB1B5EC4580046D71C /* humidity-icon-cold@2x.png */,
				88F951BC1B5EC4580046D71C /* humidity-icon-cold@3x.png */,
				88F951BD1B5EC4580046D71C /* uv-icon-cold@2x.png */,
				88F951BE1B5EC4580046D71C /* uv-icon-cold@3x.png */,
				88F951BF1B5EC4580046D71C /* wind-icon-cold@2x.png */,
				88F951C01B5EC4580046D71C /* wind-icon-cold@3x.png */,
				88F951C71B5EC4C00046D71C /* humidity-icon-freezing@2x.png */,
				88F951C81B5EC4C00046D71C /* humidity-icon-freezing@3x.png */,
				88F951C91B5EC4C00046D71C /* uv-icon-freezing@2x.png */,
				88F951CA1B5EC4C00046D71C /* uv-icon-freezing@3x.png */,
				88F951CB1B5EC4C00046D71C /* wind-icon-freezing@2x.png */,
				88F951CC1B5EC4C00046D71C /* wind-icon-freezing@3x.png */,
				88F951D31B5EC4E60046D71C /* humidity-icon-bitterlycold@2x.png */,
				88F951D41B5EC4E60046D71C /* humidity-icon-bitterlycold@3x.png */,
				88F951D51B5EC4E60046D71C /* uv-icon-bitterlycold@2x.png */,
				88F951D61B5EC4E60046D71C /* uv-icon-bitterlycold@3x.png */,
				88F951D71B5EC4E60046D71C /* wind-icon-bitterlycold@2x.png */,
				88F951D81B5EC4E60046D71C /* wind-icon-bitterlycold@3x.png */,
				88F951DF1B5EC50F0046D71C /* humidity-icon-subzero@2x.png */,
				88F951E01B5EC50F0046D71C /* humidity-icon-subzero@3x.png */,
				88F951E11B5EC50F0046D71C /* uv-icon-subzero@2x.png */,
				88F951E21B5EC50F0046D71C /* uv-icon-subzero@3x.png */,
				88F951E31B5EC50F0046D71C /* wind-icon-subzero@2x.png */,
				88F951E41B5EC50F0046D71C /* wind-icon-subzero@3x.png */,
				88F951591B5846C00046D71C /* humidity-blue@2x.png */,
				88F9515A1B5846C00046D71C /* humidity-blue@3x.png */,
				88F9515B1B5846C00046D71C /* uv-blue@2x.png */,
				88F9515C1B5846C00046D71C /* uv-blue@3x.png */,
				88F9515D1B5846C00046D71C /* wind-blue@2x.png */,
				88F9515E1B5846C00046D71C /* wind-blue@3x.png */,
				88F951651B584DDE0046D71C /* shadow@2x.png */,
				887688FD1B55C538000F6275 /* Images.xcassets */,
				887688FF1B55C539000F6275 /* LaunchScreen.xib */,
				887688F41B55C538000F6275 /* Supporting Files */,
			);
			path = WeatherFeel;
			sourceTree = "<group>";
		};
		887688F41B55C538000F6275 /* Supporting Files */ = {
			isa = PBXGroup;
			children = (
				887688F51B55C538000F6275 /* Info.plist */,
				887689221B55D2EF000F6275 /* ApiKeys.swift */,
				887689201B55D2B9000F6275 /* ApiKeys.plist */,
			);
			name = "Supporting Files";
			sourceTree = "<group>";
		};
		887689091B55C539000F6275 /* WeatherFeelTests */ = {
			isa = PBXGroup;
			children = (
				8876890C1B55C539000F6275 /* WeatherFeelTests.swift */,
				8876890A1B55C539000F6275 /* Supporting Files */,
			);
			path = WeatherFeelTests;
			sourceTree = "<group>";
		};
		8876890A1B55C539000F6275 /* Supporting Files */ = {
			isa = PBXGroup;
			children = (
				8876890B1B55C539000F6275 /* Info.plist */,
			);
			name = "Supporting Files";
			sourceTree = "<group>";
		};
/* End PBXGroup section */

/* Begin PBXNativeTarget section */
		887688F01B55C538000F6275 /* WeatherFeel */ = {
			isa = PBXNativeTarget;
			buildConfigurationList = 887689101B55C539000F6275 /* Build configuration list for PBXNativeTarget "WeatherFeel" */;
			buildPhases = (
				887688ED1B55C538000F6275 /* Sources */,
				887688EE1B55C538000F6275 /* Frameworks */,
				887688EF1B55C538000F6275 /* Resources */,
			);
			buildRules = (
			);
			dependencies = (
			);
			name = WeatherFeel;
			productName = WeatherFeel;
			productReference = 887688F11B55C538000F6275 /* WeatherFeel.app */;
			productType = "com.apple.product-type.application";
		};
		887689051B55C539000F6275 /* WeatherFeelTests */ = {
			isa = PBXNativeTarget;
			buildConfigurationList = 887689131B55C539000F6275 /* Build configuration list for PBXNativeTarget "WeatherFeelTests" */;
			buildPhases = (
				887689021B55C539000F6275 /* Sources */,
				887689031B55C539000F6275 /* Frameworks */,
				887689041B55C539000F6275 /* Resources */,
			);
			buildRules = (
			);
			dependencies = (
				887689081B55C539000F6275 /* PBXTargetDependency */,
			);
			name = WeatherFeelTests;
			productName = WeatherFeelTests;
			productReference = 887689061B55C539000F6275 /* WeatherFeelTests.xctest */;
			productType = "com.apple.product-type.bundle.unit-test";
		};
/* End PBXNativeTarget section */

/* Begin PBXProject section */
		887688E91B55C538000F6275 /* Project object */ = {
			isa = PBXProject;
			attributes = {
				LastUpgradeCheck = 0640;
				ORGANIZATIONNAME = "John Mauro";
				TargetAttributes = {
					887688F01B55C538000F6275 = {
						CreatedOnToolsVersion = 6.4;
					};
					887689051B55C539000F6275 = {
						CreatedOnToolsVersion = 6.4;
						TestTargetID = 887688F01B55C538000F6275;
					};
				};
			};
			buildConfigurationList = 887688EC1B55C538000F6275 /* Build configuration list for PBXProject "WeatherFeel" */;
			compatibilityVersion = "Xcode 3.2";
			developmentRegion = English;
			hasScannedForEncodings = 0;
			knownRegions = (
				en,
				Base,
			);
			mainGroup = 887688E81B55C538000F6275;
			productRefGroup = 887688F21B55C538000F6275 /* Products */;
			projectDirPath = "";
			projectRoot = "";
			targets = (
				887688F01B55C538000F6275 /* WeatherFeel */,
				887689051B55C539000F6275 /* WeatherFeelTests */,
			);
		};
/* End PBXProject section */

/* Begin PBXResourcesBuildPhase section */
		887688EF1B55C538000F6275 /* Resources */ = {
			isa = PBXResourcesBuildPhase;
			buildActionMask = 2147483647;
			files = (
				88F9517B1B5EC2700046D71C /* uv-icon-hot@2x.png in Resources */,
				88F9519D1B5EC3900046D71C /* humidity-icon-nice@2x.png in Resources */,
				88F951E81B5EC50F0046D71C /* uv-icon-subzero@3x.png in Resources */,
				8876891A1B55C841000F6275 /* CircularStd-Book.otf in Resources */,
				88F9516E1B5EC2340046D71C /* humidity-icon-scorcher@3x.png in Resources */,
				8876891F1B55CA5B000F6275 /* CircularStd-Bold.otf in Resources */,
				88F951C51B5EC4580046D71C /* wind-icon-cold@2x.png in Resources */,
				887688FC1B55C538000F6275 /* Main.storyboard in Resources */,
				88F951A11B5EC3900046D71C /* wind-icon-nice@2x.png in Resources */,
				88F951711B5EC2340046D71C /* wind-icon-scorcher@2x.png in Resources */,
				88F951D21B5EC4C00046D71C /* wind-icon-freezing@3x.png in Resources */,
				88F951B81B5EC4230046D71C /* uv-icon-chilly@3x.png in Resources */,
				88F951DA1B5EC4E60046D71C /* humidity-icon-bitterlycold@3x.png in Resources */,
				88F9519E1B5EC3900046D71C /* humidity-icon-nice@3x.png in Resources */,
				88F951661B584DDE0046D71C /* shadow@2x.png in Resources */,
				88F951DC1B5EC4E60046D71C /* uv-icon-bitterlycold@3x.png in Resources */,
				88F9519F1B5EC3900046D71C /* uv-icon-nice@2x.png in Resources */,
				887689011B55C539000F6275 /* LaunchScreen.xib in Resources */,
				883E71C61B743D650073E6FB /* weathersbee-title@2x.png in Resources */,
				88F951601B5846C00046D71C /* humidity-blue@3x.png in Resources */,
				88F951C41B5EC4580046D71C /* uv-icon-cold@3x.png in Resources */,
				88F951961B5EC3360046D71C /* wind-icon-perfect@3x.png in Resources */,
				88F951721B5EC2340046D71C /* wind-icon-scorcher@3x.png in Resources */,
				88F951CF1B5EC4C00046D71C /* uv-icon-freezing@2x.png in Resources */,
				88F951C31B5EC4580046D71C /* uv-icon-cold@2x.png in Resources */,
				88F951C11B5EC4580046D71C /* humidity-icon-cold@2x.png in Resources */,
				88F951411B5825710046D71C /* cloudy@2x.png in Resources */,
				88F951BA1B5EC4230046D71C /* wind-icon-chilly@3x.png in Resources */,
				88F951341B5825660046D71C /* partly-cloudy-day@3x.png in Resources */,
				88F951A91B5EC3F30046D71C /* humidity-icon-cool@2x.png in Resources */,
				88F951AD1B5EC3F30046D71C /* wind-icon-cool@2x.png in Resources */,
				88F951881B5EC2EA0046D71C /* uv-icon-warm@3x.png in Resources */,
				88F951A21B5EC3900046D71C /* wind-icon-nice@3x.png in Resources */,
				88F951441B5825710046D71C /* fog@3x.png in Resources */,
				88F951D11B5EC4C00046D71C /* wind-icon-freezing@2x.png in Resources */,
				88F951631B5846C00046D71C /* wind-blue@2x.png in Resources */,
				88F9513F1B5825710046D71C /* clear-night@2x.png in Resources */,
				88F951911B5EC3360046D71C /* humidity-icon-perfect@2x.png in Resources */,
				88F951C61B5EC4580046D71C /* wind-icon-cold@3x.png in Resources */,
				88F951C21B5EC4580046D71C /* humidity-icon-cold@3x.png in Resources */,
				883E71C71B743D650073E6FB /* weathersbee-title@3x.png in Resources */,
				88F951861B5EC2EA0046D71C /* humidity-icon-warm@3x.png in Resources */,
				88F951931B5EC3360046D71C /* uv-icon-perfect@2x.png in Resources */,
				88F951CE1B5EC4C00046D71C /* humidity-icon-freezing@3x.png in Resources */,
				88F951921B5EC3360046D71C /* humidity-icon-perfect@3x.png in Resources */,
				88F951511B58257C0046D71C /* rain@2x.png in Resources */,
				88F951431B5825710046D71C /* fog@2x.png in Resources */,
				88F951401B5825710046D71C /* clear-night@3x.png in Resources */,
				88F951641B5846C00046D71C /* wind-blue@3x.png in Resources */,
				88F951621B5846C00046D71C /* uv-blue@3x.png in Resources */,
				88F951B71B5EC4230046D71C /* uv-icon-chilly@2x.png in Resources */,
				88F951581B58257C0046D71C /* wind@3x.png in Resources */,
				88F951D91B5EC4E60046D71C /* humidity-icon-bitterlycold@2x.png in Resources */,
				8888B2F31B7551CF00D93A68 /* launch@2x.png in Resources */,
				88F951551B58257C0046D71C /* snow@2x.png in Resources */,
				88F951E51B5EC50F0046D71C /* humidity-icon-subzero@2x.png in Resources */,
				88F951561B58257C0046D71C /* snow@3x.png in Resources */,
				88F951611B5846C00046D71C /* uv-blue@2x.png in Resources */,
				88F951B51B5EC4230046D71C /* humidity-icon-chilly@2x.png in Resources */,
				88F951701B5EC2340046D71C /* uv-icon-scorcher@3x.png in Resources */,
				88F951AA1B5EC3F30046D71C /* humidity-icon-cool@3x.png in Resources */,
				887689211B55D2B9000F6275 /* ApiKeys.plist in Resources */,
				88F951871B5EC2EA0046D71C /* uv-icon-warm@2x.png in Resources */,
				88F951AC1B5EC3F30046D71C /* uv-icon-cool@3x.png in Resources */,
				887688FE1B55C538000F6275 /* Images.xcassets in Resources */,
				88F9516F1B5EC2340046D71C /* uv-icon-scorcher@2x.png in Resources */,
				88F951EA1B5EC50F0046D71C /* wind-icon-subzero@3x.png in Resources */,
				88F951521B58257C0046D71C /* rain@3x.png in Resources */,
				88F951E71B5EC50F0046D71C /* uv-icon-subzero@2x.png in Resources */,
				88F951B61B5EC4230046D71C /* humidity-icon-chilly@3x.png in Resources */,
				88F951851B5EC2EA0046D71C /* humidity-icon-warm@2x.png in Resources */,
				88F951DD1B5EC4E60046D71C /* wind-icon-bitterlycold@2x.png in Resources */,
				88F951501B58257C0046D71C /* partly-cloudy-night@3x.png in Resources */,
				88F951951B5EC3360046D71C /* wind-icon-perfect@2x.png in Resources */,
				88F9517A1B5EC2700046D71C /* humidity-icon-hot@3x.png in Resources */,
				88F9517C1B5EC2700046D71C /* uv-icon-hot@3x.png in Resources */,
				88F951B91B5EC4230046D71C /* wind-icon-chilly@2x.png in Resources */,
				88F9515F1B5846C00046D71C /* humidity-blue@2x.png in Resources */,
				8888B2F41B7551CF00D93A68 /* wink@2x.png in Resources */,
				88F951541B58257C0046D71C /* sleet@3x.png in Resources */,
				88F9513D1B5825710046D71C /* clear-day@2x.png in Resources */,
				88F951421B5825710046D71C /* cloudy@3x.png in Resources */,
				88F9513E1B5825710046D71C /* clear-day@3x.png in Resources */,
				88F951791B5EC2700046D71C /* humidity-icon-hot@2x.png in Resources */,
				88F9517E1B5EC2700046D71C /* wind-icon-hot@3x.png in Resources */,
				88F951DE1B5EC4E60046D71C /* wind-icon-bitterlycold@3x.png in Resources */,
				88F951AB1B5EC3F30046D71C /* uv-icon-cool@2x.png in Resources */,
				887689171B55C6FA000F6275 /* PlayfairDisplay-Italic.ttf in Resources */,
				88F9517D1B5EC2700046D71C /* wind-icon-hot@2x.png in Resources */,
				88F951E91B5EC50F0046D71C /* wind-icon-subzero@2x.png in Resources */,
				88F9514F1B58257C0046D71C /* partly-cloudy-night@2x.png in Resources */,
				88F951E61B5EC50F0046D71C /* humidity-icon-subzero@3x.png in Resources */,
				88F951891B5EC2EA0046D71C /* wind-icon-warm@2x.png in Resources */,
				88F9516D1B5EC2340046D71C /* humidity-icon-scorcher@2x.png in Resources */,
				88F951A01B5EC3900046D71C /* uv-icon-nice@3x.png in Resources */,
				88F951AE1B5EC3F30046D71C /* wind-icon-cool@3x.png in Resources */,
				88F951DB1B5EC4E60046D71C /* uv-icon-bitterlycold@2x.png in Resources */,
				88F951D01B5EC4C00046D71C /* uv-icon-freezing@3x.png in Resources */,
				88F951941B5EC3360046D71C /* uv-icon-perfect@3x.png in Resources */,
				8876891B1B55C841000F6275 /* CircularStd-Medium.otf in Resources */,
				88F951321B58255E0046D71C /* partly-cloudy-day@2x.png in Resources */,
				88F951CD1B5EC4C00046D71C /* humidity-icon-freezing@2x.png in Resources */,
				88F9518A1B5EC2EA0046D71C /* wind-icon-warm@3x.png in Resources */,
				88F951571B58257C0046D71C /* wind@2x.png in Resources */,
				88F951531B58257C0046D71C /* sleet@2x.png in Resources */,
			);
			runOnlyForDeploymentPostprocessing = 0;
		};
		887689041B55C539000F6275 /* Resources */ = {
			isa = PBXResourcesBuildPhase;
			buildActionMask = 2147483647;
			files = (
			);
			runOnlyForDeploymentPostprocessing = 0;
		};
/* End PBXResourcesBuildPhase section */

/* Begin PBXSourcesBuildPhase section */
		887688ED1B55C538000F6275 /* Sources */ = {
			isa = PBXSourcesBuildPhase;
			buildActionMask = 2147483647;
			files = (
				887688F91B55C538000F6275 /* ViewController.swift in Sources */,
				887688F71B55C538000F6275 /* AppDelegate.swift in Sources */,
				88F951EC1B68399E0046D71C /* UILabelNonClipping.swift in Sources */,
				887689271B56F3F5000F6275 /* StringExtensions.swift in Sources */,
				887689231B55D2F0000F6275 /* ApiKeys.swift in Sources */,
				887689251B56C031000F6275 /* UIColorExtensions.swift in Sources */,
			);
			runOnlyForDeploymentPostprocessing = 0;
		};
		887689021B55C539000F6275 /* Sources */ = {
			isa = PBXSourcesBuildPhase;
			buildActionMask = 2147483647;
			files = (
				8876890D1B55C539000F6275 /* WeatherFeelTests.swift in Sources */,
			);
			runOnlyForDeploymentPostprocessing = 0;
		};
/* End PBXSourcesBuildPhase section */

/* Begin PBXTargetDependency section */
		887689081B55C539000F6275 /* PBXTargetDependency */ = {
			isa = PBXTargetDependency;
			target = 887688F01B55C538000F6275 /* WeatherFeel */;
			targetProxy = 887689071B55C539000F6275 /* PBXContainerItemProxy */;
		};
/* End PBXTargetDependency section */

/* Begin PBXVariantGroup section */
		887688FA1B55C538000F6275 /* Main.storyboard */ = {
			isa = PBXVariantGroup;
			children = (
				887688FB1B55C538000F6275 /* Base */,
			);
			name = Main.storyboard;
			sourceTree = "<group>";
		};
		887688FF1B55C539000F6275 /* LaunchScreen.xib */ = {
			isa = PBXVariantGroup;
			children = (
				887689001B55C539000F6275 /* Base */,
			);
			name = LaunchScreen.xib;
			sourceTree = "<group>";
		};
/* End PBXVariantGroup section */

/* Begin XCBuildConfiguration section */
		8876890E1B55C539000F6275 /* Debug */ = {
			isa = XCBuildConfiguration;
			buildSettings = {
				ALWAYS_SEARCH_USER_PATHS = NO;
				CLANG_CXX_LANGUAGE_STANDARD = "gnu++0x";
				CLANG_CXX_LIBRARY = "libc++";
				CLANG_ENABLE_MODULES = YES;
				CLANG_ENABLE_OBJC_ARC = YES;
				CLANG_WARN_BOOL_CONVERSION = YES;
				CLANG_WARN_CONSTANT_CONVERSION = YES;
				CLANG_WARN_DIRECT_OBJC_ISA_USAGE = YES_ERROR;
				CLANG_WARN_EMPTY_BODY = YES;
				CLANG_WARN_ENUM_CONVERSION = YES;
				CLANG_WARN_INT_CONVERSION = YES;
				CLANG_WARN_OBJC_ROOT_CLASS = YES_ERROR;
				CLANG_WARN_UNREACHABLE_CODE = YES;
				CLANG_WARN__DUPLICATE_METHOD_MATCH = YES;
				"CODE_SIGN_IDENTITY[sdk=iphoneos*]" = "iPhone Developer";
				COPY_PHASE_STRIP = NO;
				DEBUG_INFORMATION_FORMAT = "dwarf-with-dsym";
				ENABLE_STRICT_OBJC_MSGSEND = YES;
				GCC_C_LANGUAGE_STANDARD = gnu99;
				GCC_DYNAMIC_NO_PIC = NO;
				GCC_NO_COMMON_BLOCKS = YES;
				GCC_OPTIMIZATION_LEVEL = 0;
				GCC_PREPROCESSOR_DEFINITIONS = (
					"DEBUG=1",
					"$(inherited)",
				);
				GCC_SYMBOLS_PRIVATE_EXTERN = NO;
				GCC_WARN_64_TO_32_BIT_CONVERSION = YES;
				GCC_WARN_ABOUT_RETURN_TYPE = YES_ERROR;
				GCC_WARN_UNDECLARED_SELECTOR = YES;
				GCC_WARN_UNINITIALIZED_AUTOS = YES_AGGRESSIVE;
				GCC_WARN_UNUSED_FUNCTION = YES;
				GCC_WARN_UNUSED_VARIABLE = YES;
				IPHONEOS_DEPLOYMENT_TARGET = 8.4;
				MTL_ENABLE_DEBUG_INFO = YES;
				ONLY_ACTIVE_ARCH = YES;
				SDKROOT = iphoneos;
				SWIFT_OPTIMIZATION_LEVEL = "-Onone";
			};
			name = Debug;
		};
		8876890F1B55C539000F6275 /* Release */ = {
			isa = XCBuildConfiguration;
			buildSettings = {
				ALWAYS_SEARCH_USER_PATHS = NO;
				CLANG_CXX_LANGUAGE_STANDARD = "gnu++0x";
				CLANG_CXX_LIBRARY = "libc++";
				CLANG_ENABLE_MODULES = YES;
				CLANG_ENABLE_OBJC_ARC = YES;
				CLANG_WARN_BOOL_CONVERSION = YES;
				CLANG_WARN_CONSTANT_CONVERSION = YES;
				CLANG_WARN_DIRECT_OBJC_ISA_USAGE = YES_ERROR;
				CLANG_WARN_EMPTY_BODY = YES;
				CLANG_WARN_ENUM_CONVERSION = YES;
				CLANG_WARN_INT_CONVERSION = YES;
				CLANG_WARN_OBJC_ROOT_CLASS = YES_ERROR;
				CLANG_WARN_UNREACHABLE_CODE = YES;
				CLANG_WARN__DUPLICATE_METHOD_MATCH = YES;
				"CODE_SIGN_IDENTITY[sdk=iphoneos*]" = "iPhone Developer";
				COPY_PHASE_STRIP = NO;
				DEBUG_INFORMATION_FORMAT = "dwarf-with-dsym";
				ENABLE_NS_ASSERTIONS = NO;
				ENABLE_STRICT_OBJC_MSGSEND = YES;
				GCC_C_LANGUAGE_STANDARD = gnu99;
				GCC_NO_COMMON_BLOCKS = YES;
				GCC_WARN_64_TO_32_BIT_CONVERSION = YES;
				GCC_WARN_ABOUT_RETURN_TYPE = YES_ERROR;
				GCC_WARN_UNDECLARED_SELECTOR = YES;
				GCC_WARN_UNINITIALIZED_AUTOS = YES_AGGRESSIVE;
				GCC_WARN_UNUSED_FUNCTION = YES;
				GCC_WARN_UNUSED_VARIABLE = YES;
				IPHONEOS_DEPLOYMENT_TARGET = 8.4;
				MTL_ENABLE_DEBUG_INFO = NO;
				SDKROOT = iphoneos;
				VALIDATE_PRODUCT = YES;
			};
			name = Release;
		};
		887689111B55C539000F6275 /* Debug */ = {
			isa = XCBuildConfiguration;
			buildSettings = {
				ASSETCATALOG_COMPILER_APPICON_NAME = AppIcon;
				INFOPLIST_FILE = WeatherFeel/Info.plist;
				IPHONEOS_DEPLOYMENT_TARGET = 8.0;
				LD_RUNPATH_SEARCH_PATHS = "$(inherited) @executable_path/Frameworks";
				PRODUCT_NAME = "$(TARGET_NAME)";
			};
			name = Debug;
		};
		887689121B55C539000F6275 /* Release */ = {
			isa = XCBuildConfiguration;
			buildSettings = {
				ASSETCATALOG_COMPILER_APPICON_NAME = AppIcon;
				INFOPLIST_FILE = WeatherFeel/Info.plist;
				IPHONEOS_DEPLOYMENT_TARGET = 8.0;
				LD_RUNPATH_SEARCH_PATHS = "$(inherited) @executable_path/Frameworks";
				PRODUCT_NAME = "$(TARGET_NAME)";
			};
			name = Release;
		};
		887689141B55C539000F6275 /* Debug */ = {
			isa = XCBuildConfiguration;
			buildSettings = {
				BUNDLE_LOADER = "$(TEST_HOST)";
				FRAMEWORK_SEARCH_PATHS = (
					"$(SDKROOT)/Developer/Library/Frameworks",
					"$(inherited)",
				);
				GCC_PREPROCESSOR_DEFINITIONS = (
					"DEBUG=1",
					"$(inherited)",
				);
				INFOPLIST_FILE = WeatherFeelTests/Info.plist;
				LD_RUNPATH_SEARCH_PATHS = "$(inherited) @executable_path/Frameworks @loader_path/Frameworks";
				PRODUCT_NAME = "$(TARGET_NAME)";
				TEST_HOST = "$(BUILT_PRODUCTS_DIR)/WeatherFeel.app/WeatherFeel";
			};
			name = Debug;
		};
		887689151B55C539000F6275 /* Release */ = {
			isa = XCBuildConfiguration;
			buildSettings = {
				BUNDLE_LOADER = "$(TEST_HOST)";
				FRAMEWORK_SEARCH_PATHS = (
					"$(SDKROOT)/Developer/Library/Frameworks",
					"$(inherited)",
				);
				INFOPLIST_FILE = WeatherFeelTests/Info.plist;
				LD_RUNPATH_SEARCH_PATHS = "$(inherited) @executable_path/Frameworks @loader_path/Frameworks";
				PRODUCT_NAME = "$(TARGET_NAME)";
				TEST_HOST = "$(BUILT_PRODUCTS_DIR)/WeatherFeel.app/WeatherFeel";
			};
			name = Release;
		};
/* End XCBuildConfiguration section */

/* Begin XCConfigurationList section */
		887688EC1B55C538000F6275 /* Build configuration list for PBXProject "WeatherFeel" */ = {
			isa = XCConfigurationList;
			buildConfigurations = (
				8876890E1B55C539000F6275 /* Debug */,
				8876890F1B55C539000F6275 /* Release */,
			);
			defaultConfigurationIsVisible = 0;
			defaultConfigurationName = Release;
		};
		887689101B55C539000F6275 /* Build configuration list for PBXNativeTarget "WeatherFeel" */ = {
			isa = XCConfigurationList;
			buildConfigurations = (
				887689111B55C539000F6275 /* Debug */,
				887689121B55C539000F6275 /* Release */,
			);
			defaultConfigurationIsVisible = 0;
			defaultConfigurationName = Release;
		};
		887689131B55C539000F6275 /* Build configuration list for PBXNativeTarget "WeatherFeelTests" */ = {
			isa = XCConfigurationList;
			buildConfigurations = (
				887689141B55C539000F6275 /* Debug */,
				887689151B55C539000F6275 /* Release */,
			);
			defaultConfigurationIsVisible = 0;
			defaultConfigurationName = Release;
		};
/* End XCConfigurationList section */
	};
	rootObject = 887688E91B55C538000F6275 /* Project object */;
}
